// !$*UTF8*$!
{
	archiveVersion = 1;
	classes = {
	};
	objectVersion = 56;
	objects = {

/* Begin PBXBuildFile section */
		39B24A802ADAC3B9008938C6 /* AppDelegate.swift in Sources */ = {isa = PBXBuildFile; fileRef = 39B24A7F2ADAC3B9008938C6 /* AppDelegate.swift */; };
		39B24A822ADAC3B9008938C6 /* SceneDelegate.swift in Sources */ = {isa = PBXBuildFile; fileRef = 39B24A812ADAC3B9008938C6 /* SceneDelegate.swift */; };
		39B24A842ADAC3B9008938C6 /* ViewController.swift in Sources */ = {isa = PBXBuildFile; fileRef = 39B24A832ADAC3B9008938C6 /* ViewController.swift */; };
		39B24A872ADAC3B9008938C6 /* Main.storyboard in Resources */ = {isa = PBXBuildFile; fileRef = 39B24A852ADAC3B9008938C6 /* Main.storyboard */; };
		39B24A892ADAC3BA008938C6 /* Assets.xcassets in Resources */ = {isa = PBXBuildFile; fileRef = 39B24A882ADAC3BA008938C6 /* Assets.xcassets */; };
		39B24A8C2ADAC3BA008938C6 /* LaunchScreen.storyboard in Resources */ = {isa = PBXBuildFile; fileRef = 39B24A8A2ADAC3BA008938C6 /* LaunchScreen.storyboard */; };
		39B24A972ADAC3BA008938C6 /* sayfalar_aras__gec_is_Tests.swift in Sources */ = {isa = PBXBuildFile; fileRef = 39B24A962ADAC3BA008938C6 /* sayfalar_aras__gec_is_Tests.swift */; };
		39B24AA12ADAC3BA008938C6 /* sayfalar_aras__gec_is_UITests.swift in Sources */ = {isa = PBXBuildFile; fileRef = 39B24AA02ADAC3BA008938C6 /* sayfalar_aras__gec_is_UITests.swift */; };
		39B24AA32ADAC3BA008938C6 /* sayfalar_aras__gec_is_UITestsLaunchTests.swift in Sources */ = {isa = PBXBuildFile; fileRef = 39B24AA22ADAC3BA008938C6 /* sayfalar_aras__gec_is_UITestsLaunchTests.swift */; };
		39B24AB02ADAC471008938C6 /* ViewControllerB.swift in Sources */ = {isa = PBXBuildFile; fileRef = 39B24AAF2ADAC471008938C6 /* ViewControllerB.swift */; };
/* End PBXBuildFile section */

/* Begin PBXContainerItemProxy section */
		39B24A932ADAC3BA008938C6 /* PBXContainerItemProxy */ = {
			isa = PBXContainerItemProxy;
			containerPortal = 39B24A742ADAC3B9008938C6 /* Project object */;
			proxyType = 1;
			remoteGlobalIDString = 39B24A7B2ADAC3B9008938C6;
			remoteInfo = "sayfalar arası geçiş";
		};
		39B24A9D2ADAC3BA008938C6 /* PBXContainerItemProxy */ = {
			isa = PBXContainerItemProxy;
			containerPortal = 39B24A742ADAC3B9008938C6 /* Project object */;
			proxyType = 1;
			remoteGlobalIDString = 39B24A7B2ADAC3B9008938C6;
			remoteInfo = "sayfalar arası geçiş";
		};
/* End PBXContainerItemProxy section */

/* Begin PBXFileReference section */
		39B24A7C2ADAC3B9008938C6 /* sayfalar arası geçiş.app */ = {isa = PBXFileReference; explicitFileType = wrapper.application; includeInIndex = 0; path = "sayfalar arası geçiş.app"; sourceTree = BUILT_PRODUCTS_DIR; };
		39B24A7F2ADAC3B9008938C6 /* AppDelegate.swift */ = {isa = PBXFileReference; lastKnownFileType = sourcecode.swift; path = AppDelegate.swift; sourceTree = "<group>"; };
		39B24A812ADAC3B9008938C6 /* SceneDelegate.swift */ = {isa = PBXFileReference; lastKnownFileType = sourcecode.swift; path = SceneDelegate.swift; sourceTree = "<group>"; };
		39B24A832ADAC3B9008938C6 /* ViewController.swift */ = {isa = PBXFileReference; lastKnownFileType = sourcecode.swift; path = ViewController.swift; sourceTree = "<group>"; };
		39B24A862ADAC3B9008938C6 /* Base */ = {isa = PBXFileReference; lastKnownFileType = file.storyboard; name = Base; path = Base.lproj/Main.storyboard; sourceTree = "<group>"; };
		39B24A882ADAC3BA008938C6 /* Assets.xcassets */ = {isa = PBXFileReference; lastKnownFileType = folder.assetcatalog; path = Assets.xcassets; sourceTree = "<group>"; };
		39B24A8B2ADAC3BA008938C6 /* Base */ = {isa = PBXFileReference; lastKnownFileType = file.storyboard; name = Base; path = Base.lproj/LaunchScreen.storyboard; sourceTree = "<group>"; };
		39B24A8D2ADAC3BA008938C6 /* Info.plist */ = {isa = PBXFileReference; lastKnownFileType = text.plist.xml; path = Info.plist; sourceTree = "<group>"; };
		39B24A922ADAC3BA008938C6 /* sayfalar arası geçişTests.xctest */ = {isa = PBXFileReference; explicitFileType = wrapper.cfbundle; includeInIndex = 0; path = "sayfalar arası geçişTests.xctest"; sourceTree = BUILT_PRODUCTS_DIR; };
		39B24A962ADAC3BA008938C6 /* sayfalar_aras__gec_is_Tests.swift */ = {isa = PBXFileReference; lastKnownFileType = sourcecode.swift; path = sayfalar_aras__gec_is_Tests.swift; sourceTree = "<group>"; };
		39B24A9C2ADAC3BA008938C6 /* sayfalar arası geçişUITests.xctest */ = {isa = PBXFileReference; explicitFileType = wrapper.cfbundle; includeInIndex = 0; path = "sayfalar arası geçişUITests.xctest"; sourceTree = BUILT_PRODUCTS_DIR; };
		39B24AA02ADAC3BA008938C6 /* sayfalar_aras__gec_is_UITests.swift */ = {isa = PBXFileReference; lastKnownFileType = sourcecode.swift; path = sayfalar_aras__gec_is_UITests.swift; sourceTree = "<group>"; };
		39B24AA22ADAC3BA008938C6 /* sayfalar_aras__gec_is_UITestsLaunchTests.swift */ = {isa = PBXFileReference; lastKnownFileType = sourcecode.swift; path = sayfalar_aras__gec_is_UITestsLaunchTests.swift; sourceTree = "<group>"; };
		39B24AAF2ADAC471008938C6 /* ViewControllerB.swift */ = {isa = PBXFileReference; lastKnownFileType = sourcecode.swift; path = ViewControllerB.swift; sourceTree = "<group>"; };
/* End PBXFileReference section */

/* Begin PBXFrameworksBuildPhase section */
		39B24A792ADAC3B9008938C6 /* Frameworks */ = {
			isa = PBXFrameworksBuildPhase;
			buildActionMask = 2147483647;
			files = (
			);
			runOnlyForDeploymentPostprocessing = 0;
		};
		39B24A8F2ADAC3BA008938C6 /* Frameworks */ = {
			isa = PBXFrameworksBuildPhase;
			buildActionMask = 2147483647;
			files = (
			);
			runOnlyForDeploymentPostprocessing = 0;
		};
		39B24A992ADAC3BA008938C6 /* Frameworks */ = {
			isa = PBXFrameworksBuildPhase;
			buildActionMask = 2147483647;
			files = (
			);
			runOnlyForDeploymentPostprocessing = 0;
		};
/* End PBXFrameworksBuildPhase section */

/* Begin PBXGroup section */
		39B24A732ADAC3B9008938C6 = {
			isa = PBXGroup;
			children = (
				39B24A7E2ADAC3B9008938C6 /* sayfalar arası geçiş */,
				39B24A952ADAC3BA008938C6 /* sayfalar arası geçişTests */,
				39B24A9F2ADAC3BA008938C6 /* sayfalar arası geçişUITests */,
				39B24A7D2ADAC3B9008938C6 /* Products */,
			);
			sourceTree = "<group>";
		};
		39B24A7D2ADAC3B9008938C6 /* Products */ = {
			isa = PBXGroup;
			children = (
				39B24A7C2ADAC3B9008938C6 /* sayfalar arası geçiş.app */,
				39B24A922ADAC3BA008938C6 /* sayfalar arası geçişTests.xctest */,
				39B24A9C2ADAC3BA008938C6 /* sayfalar arası geçişUITests.xctest */,
			);
			name = Products;
			sourceTree = "<group>";
		};
		39B24A7E2ADAC3B9008938C6 /* sayfalar arası geçiş */ = {
			isa = PBXGroup;
			children = (
				39B24A7F2ADAC3B9008938C6 /* AppDelegate.swift */,
				39B24A812ADAC3B9008938C6 /* SceneDelegate.swift */,
				39B24A832ADAC3B9008938C6 /* ViewController.swift */,
				39B24A852ADAC3B9008938C6 /* Main.storyboard */,
				39B24AAF2ADAC471008938C6 /* ViewControllerB.swift */,
				39B24A882ADAC3BA008938C6 /* Assets.xcassets */,
				39B24A8A2ADAC3BA008938C6 /* LaunchScreen.storyboard */,
				39B24A8D2ADAC3BA008938C6 /* Info.plist */,
			);
			path = "sayfalar arası geçiş";
			sourceTree = "<group>";
		};
		39B24A952ADAC3BA008938C6 /* sayfalar arası geçişTests */ = {
			isa = PBXGroup;
			children = (
				39B24A962ADAC3BA008938C6 /* sayfalar_aras__gec_is_Tests.swift */,
			);
			path = "sayfalar arası geçişTests";
			sourceTree = "<group>";
		};
		39B24A9F2ADAC3BA008938C6 /* sayfalar arası geçişUITests */ = {
			isa = PBXGroup;
			children = (
				39B24AA02ADAC3BA008938C6 /* sayfalar_aras__gec_is_UITests.swift */,
				39B24AA22ADAC3BA008938C6 /* sayfalar_aras__gec_is_UITestsLaunchTests.swift */,
			);
			path = "sayfalar arası geçişUITests";
			sourceTree = "<group>";
		};
/* End PBXGroup section */

/* Begin PBXNativeTarget section */
		39B24A7B2ADAC3B9008938C6 /* sayfalar arası geçiş */ = {
			isa = PBXNativeTarget;
			buildConfigurationList = 39B24AA62ADAC3BA008938C6 /* Build configuration list for PBXNativeTarget "sayfalar arası geçiş" */;
			buildPhases = (
				39B24A782ADAC3B9008938C6 /* Sources */,
				39B24A792ADAC3B9008938C6 /* Frameworks */,
				39B24A7A2ADAC3B9008938C6 /* Resources */,
			);
			buildRules = (
			);
			dependencies = (
			);
			name = "sayfalar arası geçiş";
			productName = "sayfalar arası geçiş";
			productReference = 39B24A7C2ADAC3B9008938C6 /* sayfalar arası geçiş.app */;
			productType = "com.apple.product-type.application";
		};
		39B24A912ADAC3BA008938C6 /* sayfalar arası geçişTests */ = {
			isa = PBXNativeTarget;
			buildConfigurationList = 39B24AA92ADAC3BA008938C6 /* Build configuration list for PBXNativeTarget "sayfalar arası geçişTests" */;
			buildPhases = (
				39B24A8E2ADAC3BA008938C6 /* Sources */,
				39B24A8F2ADAC3BA008938C6 /* Frameworks */,
				39B24A902ADAC3BA008938C6 /* Resources */,
			);
			buildRules = (
			);
			dependencies = (
				39B24A942ADAC3BA008938C6 /* PBXTargetDependency */,
			);
			name = "sayfalar arası geçişTests";
			productName = "sayfalar arası geçişTests";
			productReference = 39B24A922ADAC3BA008938C6 /* sayfalar arası geçişTests.xctest */;
			productType = "com.apple.product-type.bundle.unit-test";
		};
		39B24A9B2ADAC3BA008938C6 /* sayfalar arası geçişUITests */ = {
			isa = PBXNativeTarget;
			buildConfigurationList = 39B24AAC2ADAC3BA008938C6 /* Build configuration list for PBXNativeTarget "sayfalar arası geçişUITests" */;
			buildPhases = (
				39B24A982ADAC3BA008938C6 /* Sources */,
				39B24A992ADAC3BA008938C6 /* Frameworks */,
				39B24A9A2ADAC3BA008938C6 /* Resources */,
			);
			buildRules = (
			);
			dependencies = (
				39B24A9E2ADAC3BA008938C6 /* PBXTargetDependency */,
			);
			name = "sayfalar arası geçişUITests";
			productName = "sayfalar arası geçişUITests";
			productReference = 39B24A9C2ADAC3BA008938C6 /* sayfalar arası geçişUITests.xctest */;
			productType = "com.apple.product-type.bundle.ui-testing";
		};
/* End PBXNativeTarget section */

/* Begin PBXProject section */
		39B24A742ADAC3B9008938C6 /* Project object */ = {
			isa = PBXProject;
			attributes = {
				BuildIndependentTargetsInParallel = 1;
				LastSwiftUpdateCheck = 1400;
				LastUpgradeCheck = 1400;
				TargetAttributes = {
					39B24A7B2ADAC3B9008938C6 = {
						CreatedOnToolsVersion = 14.0;
					};
					39B24A912ADAC3BA008938C6 = {
						CreatedOnToolsVersion = 14.0;
						TestTargetID = 39B24A7B2ADAC3B9008938C6;
					};
					39B24A9B2ADAC3BA008938C6 = {
						CreatedOnToolsVersion = 14.0;
						TestTargetID = 39B24A7B2ADAC3B9008938C6;
					};
				};
			};
			buildConfigurationList = 39B24A772ADAC3B9008938C6 /* Build configuration list for PBXProject "sayfalar arası geçiş" */;
			compatibilityVersion = "Xcode 14.0";
			developmentRegion = en;
			hasScannedForEncodings = 0;
			knownRegions = (
				en,
				Base,
			);
			mainGroup = 39B24A732ADAC3B9008938C6;
			productRefGroup = 39B24A7D2ADAC3B9008938C6 /* Products */;
			projectDirPath = "";
			projectRoot = "";
			targets = (
				39B24A7B2ADAC3B9008938C6 /* sayfalar arası geçiş */,
				39B24A912ADAC3BA008938C6 /* sayfalar arası geçişTests */,
				39B24A9B2ADAC3BA008938C6 /* sayfalar arası geçişUITests */,
			);
		};
/* End PBXProject section */

/* Begin PBXResourcesBuildPhase section */
		39B24A7A2ADAC3B9008938C6 /* Resources */ = {
			isa = PBXResourcesBuildPhase;
			buildActionMask = 2147483647;
			files = (
				39B24A8C2ADAC3BA008938C6 /* LaunchScreen.storyboard in Resources */,
				39B24A892ADAC3BA008938C6 /* Assets.xcassets in Resources */,
				39B24A872ADAC3B9008938C6 /* Main.storyboard in Resources */,
			);
			runOnlyForDeploymentPostprocessing = 0;
		};
		39B24A902ADAC3BA008938C6 /* Resources */ = {
			isa = PBXResourcesBuildPhase;
			buildActionMask = 2147483647;
			files = (
			);
			runOnlyForDeploymentPostprocessing = 0;
		};
		39B24A9A2ADAC3BA008938C6 /* Resources */ = {
			isa = PBXResourcesBuildPhase;
			buildActionMask = 2147483647;
			files = (
			);
			runOnlyForDeploymentPostprocessing = 0;
		};
/* End PBXResourcesBuildPhase section */

/* Begin PBXSourcesBuildPhase section */
		39B24A782ADAC3B9008938C6 /* Sources */ = {
			isa = PBXSourcesBuildPhase;
			buildActionMask = 2147483647;
			files = (
				39B24A842ADAC3B9008938C6 /* ViewController.swift in Sources */,
				39B24AB02ADAC471008938C6 /* ViewControllerB.swift in Sources */,
				39B24A802ADAC3B9008938C6 /* AppDelegate.swift in Sources */,
				39B24A822ADAC3B9008938C6 /* SceneDelegate.swift in Sources */,
			);
			runOnlyForDeploymentPostprocessing = 0;
		};
		39B24A8E2ADAC3BA008938C6 /* Sources */ = {
			isa = PBXSourcesBuildPhase;
			buildActionMask = 2147483647;
			files = (
				39B24A972ADAC3BA008938C6 /* sayfalar_aras__gec_is_Tests.swift in Sources */,
			);
			runOnlyForDeploymentPostprocessing = 0;
		};
		39B24A982ADAC3BA008938C6 /* Sources */ = {
			isa = PBXSourcesBuildPhase;
			buildActionMask = 2147483647;
			files = (
				39B24AA32ADAC3BA008938C6 /* sayfalar_aras__gec_is_UITestsLaunchTests.swift in Sources */,
				39B24AA12ADAC3BA008938C6 /* sayfalar_aras__gec_is_UITests.swift in Sources */,
			);
			runOnlyForDeploymentPostprocessing = 0;
		};
/* End PBXSourcesBuildPhase section */

/* Begin PBXTargetDependency section */
		39B24A942ADAC3BA008938C6 /* PBXTargetDependency */ = {
			isa = PBXTargetDependency;
			target = 39B24A7B2ADAC3B9008938C6 /* sayfalar arası geçiş */;
			targetProxy = 39B24A932ADAC3BA008938C6 /* PBXContainerItemProxy */;
		};
		39B24A9E2ADAC3BA008938C6 /* PBXTargetDependency */ = {
			isa = PBXTargetDependency;
			target = 39B24A7B2ADAC3B9008938C6 /* sayfalar arası geçiş */;
			targetProxy = 39B24A9D2ADAC3BA008938C6 /* PBXContainerItemProxy */;
		};
/* End PBXTargetDependency section */

/* Begin PBXVariantGroup section */
		39B24A852ADAC3B9008938C6 /* Main.storyboard */ = {
			isa = PBXVariantGroup;
			children = (
				39B24A862ADAC3B9008938C6 /* Base */,
			);
			name = Main.storyboard;
			sourceTree = "<group>";
		};
		39B24A8A2ADAC3BA008938C6 /* LaunchScreen.storyboard */ = {
			isa = PBXVariantGroup;
			children = (
				39B24A8B2ADAC3BA008938C6 /* Base */,
			);
			name = LaunchScreen.storyboard;
			sourceTree = "<group>";
		};
/* End PBXVariantGroup section */

/* Begin XCBuildConfiguration section */
		39B24AA42ADAC3BA008938C6 /* Debug */ = {
			isa = XCBuildConfiguration;
			buildSettings = {
				ALWAYS_SEARCH_USER_PATHS = NO;
				CLANG_ANALYZER_NONNULL = YES;
				CLANG_ANALYZER_NUMBER_OBJECT_CONVERSION = YES_AGGRESSIVE;
				CLANG_CXX_LANGUAGE_STANDARD = "gnu++20";
				CLANG_ENABLE_MODULES = YES;
				CLANG_ENABLE_OBJC_ARC = YES;
				CLANG_ENABLE_OBJC_WEAK = YES;
				CLANG_WARN_BLOCK_CAPTURE_AUTORELEASING = YES;
				CLANG_WARN_BOOL_CONVERSION = YES;
				CLANG_WARN_COMMA = YES;
				CLANG_WARN_CONSTANT_CONVERSION = YES;
				CLANG_WARN_DEPRECATED_OBJC_IMPLEMENTATIONS = YES;
				CLANG_WARN_DIRECT_OBJC_ISA_USAGE = YES_ERROR;
				CLANG_WARN_DOCUMENTATION_COMMENTS = YES;
				CLANG_WARN_EMPTY_BODY = YES;
				CLANG_WARN_ENUM_CONVERSION = YES;
				CLANG_WARN_INFINITE_RECURSION = YES;
				CLANG_WARN_INT_CONVERSION = YES;
				CLANG_WARN_NON_LITERAL_NULL_CONVERSION = YES;
				CLANG_WARN_OBJC_IMPLICIT_RETAIN_SELF = YES;
				CLANG_WARN_OBJC_LITERAL_CONVERSION = YES;
				CLANG_WARN_OBJC_ROOT_CLASS = YES_ERROR;
				CLANG_WARN_QUOTED_INCLUDE_IN_FRAMEWORK_HEADER = YES;
				CLANG_WARN_RANGE_LOOP_ANALYSIS = YES;
				CLANG_WARN_STRICT_PROTOTYPES = YES;
				CLANG_WARN_SUSPICIOUS_MOVE = YES;
				CLANG_WARN_UNGUARDED_AVAILABILITY = YES_AGGRESSIVE;
				CLANG_WARN_UNREACHABLE_CODE = YES;
				CLANG_WARN__DUPLICATE_METHOD_MATCH = YES;
				COPY_PHASE_STRIP = NO;
				DEBUG_INFORMATION_FORMAT = dwarf;
				ENABLE_STRICT_OBJC_MSGSEND = YES;
				ENABLE_TESTABILITY = YES;
				GCC_C_LANGUAGE_STANDARD = gnu11;
				GCC_DYNAMIC_NO_PIC = NO;
				GCC_NO_COMMON_BLOCKS = YES;
				GCC_OPTIMIZATION_LEVEL = 0;
				GCC_PREPROCESSOR_DEFINITIONS = (
					"DEBUG=1",
					"$(inherited)",
				);
				GCC_WARN_64_TO_32_BIT_CONVERSION = YES;
				GCC_WARN_ABOUT_RETURN_TYPE = YES_ERROR;
				GCC_WARN_UNDECLARED_SELECTOR = YES;
				GCC_WARN_UNINITIALIZED_AUTOS = YES_AGGRESSIVE;
				GCC_WARN_UNUSED_FUNCTION = YES;
				GCC_WARN_UNUSED_VARIABLE = YES;
				IPHONEOS_DEPLOYMENT_TARGET = 16.0;
				MTL_ENABLE_DEBUG_INFO = INCLUDE_SOURCE;
				MTL_FAST_MATH = YES;
				ONLY_ACTIVE_ARCH = YES;
				SDKROOT = iphoneos;
				SWIFT_ACTIVE_COMPILATION_CONDITIONS = DEBUG;
				SWIFT_OPTIMIZATION_LEVEL = "-Onone";
			};
			name = Debug;
		};
		39B24AA52ADAC3BA008938C6 /* Release */ = {
			isa = XCBuildConfiguration;
			buildSettings = {
				ALWAYS_SEARCH_USER_PATHS = NO;
				CLANG_ANALYZER_NONNULL = YES;
				CLANG_ANALYZER_NUMBER_OBJECT_CONVERSION = YES_AGGRESSIVE;
				CLANG_CXX_LANGUAGE_STANDARD = "gnu++20";
				CLANG_ENABLE_MODULES = YES;
				CLANG_ENABLE_OBJC_ARC = YES;
				CLANG_ENABLE_OBJC_WEAK = YES;
				CLANG_WARN_BLOCK_CAPTURE_AUTORELEASING = YES;
				CLANG_WARN_BOOL_CONVERSION = YES;
				CLANG_WARN_COMMA = YES;
				CLANG_WARN_CONSTANT_CONVERSION = YES;
				CLANG_WARN_DEPRECATED_OBJC_IMPLEMENTATIONS = YES;
				CLANG_WARN_DIRECT_OBJC_ISA_USAGE = YES_ERROR;
				CLANG_WARN_DOCUMENTATION_COMMENTS = YES;
				CLANG_WARN_EMPTY_BODY = YES;
				CLANG_WARN_ENUM_CONVERSION = YES;
				CLANG_WARN_INFINITE_RECURSION = YES;
				CLANG_WARN_INT_CONVERSION = YES;
				CLANG_WARN_NON_LITERAL_NULL_CONVERSION = YES;
				CLANG_WARN_OBJC_IMPLICIT_RETAIN_SELF = YES;
				CLANG_WARN_OBJC_LITERAL_CONVERSION = YES;
				CLANG_WARN_OBJC_ROOT_CLASS = YES_ERROR;
				CLANG_WARN_QUOTED_INCLUDE_IN_FRAMEWORK_HEADER = YES;
				CLANG_WARN_RANGE_LOOP_ANALYSIS = YES;
				CLANG_WARN_STRICT_PROTOTYPES = YES;
				CLANG_WARN_SUSPICIOUS_MOVE = YES;
				CLANG_WARN_UNGUARDED_AVAILABILITY = YES_AGGRESSIVE;
				CLANG_WARN_UNREACHABLE_CODE = YES;
				CLANG_WARN__DUPLICATE_METHOD_MATCH = YES;
				COPY_PHASE_STRIP = NO;
				DEBUG_INFORMATION_FORMAT = "dwarf-with-dsym";
				ENABLE_NS_ASSERTIONS = NO;
				ENABLE_STRICT_OBJC_MSGSEND = YES;
				GCC_C_LANGUAGE_STANDARD = gnu11;
				GCC_NO_COMMON_BLOCKS = YES;
				GCC_WARN_64_TO_32_BIT_CONVERSION = YES;
				GCC_WARN_ABOUT_RETURN_TYPE = YES_ERROR;
				GCC_WARN_UNDECLARED_SELECTOR = YES;
				GCC_WARN_UNINITIALIZED_AUTOS = YES_AGGRESSIVE;
				GCC_WARN_UNUSED_FUNCTION = YES;
				GCC_WARN_UNUSED_VARIABLE = YES;
				IPHONEOS_DEPLOYMENT_TARGET = 16.0;
				MTL_ENABLE_DEBUG_INFO = NO;
				MTL_FAST_MATH = YES;
				SDKROOT = iphoneos;
				SWIFT_COMPILATION_MODE = wholemodule;
				SWIFT_OPTIMIZATION_LEVEL = "-O";
				VALIDATE_PRODUCT = YES;
			};
			name = Release;
		};
		39B24AA72ADAC3BA008938C6 /* Debug */ = {
			isa = XCBuildConfiguration;
			buildSettings = {
				ASSETCATALOG_COMPILER_APPICON_NAME = AppIcon;
				ASSETCATALOG_COMPILER_GLOBAL_ACCENT_COLOR_NAME = AccentColor;
				CODE_SIGN_STYLE = Automatic;
				CURRENT_PROJECT_VERSION = 1;
				DEVELOPMENT_TEAM = PN7U7592HC;
				GENERATE_INFOPLIST_FILE = YES;
				INFOPLIST_FILE = "sayfalar arası geçiş/Info.plist";
				INFOPLIST_KEY_UIApplicationSupportsIndirectInputEvents = YES;
				INFOPLIST_KEY_UILaunchStoryboardName = LaunchScreen;
				INFOPLIST_KEY_UIMainStoryboardFile = Main;
				INFOPLIST_KEY_UISupportedInterfaceOrientations_iPad = "UIInterfaceOrientationPortrait UIInterfaceOrientationPortraitUpsideDown UIInterfaceOrientationLandscapeLeft UIInterfaceOrientationLandscapeRight";
				INFOPLIST_KEY_UISupportedInterfaceOrientations_iPhone = "UIInterfaceOrientationPortrait UIInterfaceOrientationLandscapeLeft UIInterfaceOrientationLandscapeRight";
				LD_RUNPATH_SEARCH_PATHS = (
					"$(inherited)",
					"@executable_path/Frameworks",
				);
				MARKETING_VERSION = 1.0;
				PRODUCT_BUNDLE_IDENTIFIER = "info.sayfalar-aras--gec-is-";
				PRODUCT_NAME = "$(TARGET_NAME)";
				SWIFT_EMIT_LOC_STRINGS = YES;
				SWIFT_VERSION = 5.0;
				TARGETED_DEVICE_FAMILY = "1,2";
			};
			name = Debug;
		};
		39B24AA82ADAC3BA008938C6 /* Release */ = {
			isa = XCBuildConfiguration;
			buildSettings = {
				ASSETCATALOG_COMPILER_APPICON_NAME = AppIcon;
				ASSETCATALOG_COMPILER_GLOBAL_ACCENT_COLOR_NAME = AccentColor;
				CODE_SIGN_STYLE = Automatic;
				CURRENT_PROJECT_VERSION = 1;
				DEVELOPMENT_TEAM = PN7U7592HC;
				GENERATE_INFOPLIST_FILE = YES;
				INFOPLIST_FILE = "sayfalar arası geçiş/Info.plist";
				INFOPLIST_KEY_UIApplicationSupportsIndirectInputEvents = YES;
				INFOPLIST_KEY_UILaunchStoryboardName = LaunchScreen;
				INFOPLIST_KEY_UIMainStoryboardFile = Main;
				INFOPLIST_KEY_UISupportedInterfaceOrientations_iPad = "UIInterfaceOrientationPortrait UIInterfaceOrientationPortraitUpsideDown UIInterfaceOrientationLandscapeLeft UIInterfaceOrientationLandscapeRight";
				INFOPLIST_KEY_UISupportedInterfaceOrientations_iPhone = "UIInterfaceOrientationPortrait UIInterfaceOrientationLandscapeLeft UIInterfaceOrientationLandscapeRight";
				LD_RUNPATH_SEARCH_PATHS = (
					"$(inherited)",
					"@executable_path/Frameworks",
				);
				MARKETING_VERSION = 1.0;
				PRODUCT_BUNDLE_IDENTIFIER = "info.sayfalar-aras--gec-is-";
				PRODUCT_NAME = "$(TARGET_NAME)";
				SWIFT_EMIT_LOC_STRINGS = YES;
				SWIFT_VERSION = 5.0;
				TARGETED_DEVICE_FAMILY = "1,2";
			};
			name = Release;
		};
		39B24AAA2ADAC3BA008938C6 /* Debug */ = {
			isa = XCBuildConfiguration;
			buildSettings = {
				ALWAYS_EMBED_SWIFT_STANDARD_LIBRARIES = YES;
				BUNDLE_LOADER = "$(TEST_HOST)";
				CODE_SIGN_STYLE = Automatic;
				CURRENT_PROJECT_VERSION = 1;
				DEVELOPMENT_TEAM = PN7U7592HC;
				GENERATE_INFOPLIST_FILE = YES;
				IPHONEOS_DEPLOYMENT_TARGET = 16.0;
				MARKETING_VERSION = 1.0;
				PRODUCT_BUNDLE_IDENTIFIER = "info.sayfalar-aras--gec-is-Tests";
				PRODUCT_NAME = "$(TARGET_NAME)";
				SWIFT_EMIT_LOC_STRINGS = NO;
				SWIFT_VERSION = 5.0;
				TARGETED_DEVICE_FAMILY = "1,2";
				TEST_HOST = "$(BUILT_PRODUCTS_DIR)/sayfalar arası geçiş.app/$(BUNDLE_EXECUTABLE_FOLDER_PATH)/sayfalar arası geçiş";
			};
			name = Debug;
		};
		39B24AAB2ADAC3BA008938C6 /* Release */ = {
			isa = XCBuildConfiguration;
			buildSettings = {
				ALWAYS_EMBED_SWIFT_STANDARD_LIBRARIES = YES;
				BUNDLE_LOADER = "$(TEST_HOST)";
				CODE_SIGN_STYLE = Automatic;
				CURRENT_PROJECT_VERSION = 1;
				DEVELOPMENT_TEAM = PN7U7592HC;
				GENERATE_INFOPLIST_FILE = YES;
				IPHONEOS_DEPLOYMENT_TARGET = 16.0;
				MARKETING_VERSION = 1.0;
				PRODUCT_BUNDLE_IDENTIFIER = "info.sayfalar-aras--gec-is-Tests";
				PRODUCT_NAME = "$(TARGET_NAME)";
				SWIFT_EMIT_LOC_STRINGS = NO;
				SWIFT_VERSION = 5.0;
				TARGETED_DEVICE_FAMILY = "1,2";
				TEST_HOST = "$(BUILT_PRODUCTS_DIR)/sayfalar arası geçiş.app/$(BUNDLE_EXECUTABLE_FOLDER_PATH)/sayfalar arası geçiş";
			};
			name = Release;
		};
		39B24AAD2ADAC3BA008938C6 /* Debug */ = {
			isa = XCBuildConfiguration;
			buildSettings = {
				ALWAYS_EMBED_SWIFT_STANDARD_LIBRARIES = YES;
				CODE_SIGN_STYLE = Automatic;
				CURRENT_PROJECT_VERSION = 1;
				DEVELOPMENT_TEAM = PN7U7592HC;
				GENERATE_INFOPLIST_FILE = YES;
				MARKETING_VERSION = 1.0;
				PRODUCT_BUNDLE_IDENTIFIER = "info.sayfalar-aras--gec-is-UITests";
				PRODUCT_NAME = "$(TARGET_NAME)";
				SWIFT_EMIT_LOC_STRINGS = NO;
				SWIFT_VERSION = 5.0;
				TARGETED_DEVICE_FAMILY = "1,2";
				TEST_TARGET_NAME = "sayfalar arası geçiş";
			};
			name = Debug;
		};
		39B24AAE2ADAC3BA008938C6 /* Release */ = {
			isa = XCBuildConfiguration;
			buildSettings = {
				ALWAYS_EMBED_SWIFT_STANDARD_LIBRARIES = YES;
				CODE_SIGN_STYLE = Automatic;
				CURRENT_PROJECT_VERSION = 1;
				DEVELOPMENT_TEAM = PN7U7592HC;
				GENERATE_INFOPLIST_FILE = YES;
				MARKETING_VERSION = 1.0;
				PRODUCT_BUNDLE_IDENTIFIER = "info.sayfalar-aras--gec-is-UITests";
				PRODUCT_NAME = "$(TARGET_NAME)";
				SWIFT_EMIT_LOC_STRINGS = NO;
				SWIFT_VERSION = 5.0;
				TARGETED_DEVICE_FAMILY = "1,2";
				TEST_TARGET_NAME = "sayfalar arası geçiş";
			};
			name = Release;
		};
/* End XCBuildConfiguration section */

/* Begin XCConfigurationList section */
		39B24A772ADAC3B9008938C6 /* Build configuration list for PBXProject "sayfalar arası geçiş" */ = {
			isa = XCConfigurationList;
			buildConfigurations = (
				39B24AA42ADAC3BA008938C6 /* Debug */,
				39B24AA52ADAC3BA008938C6 /* Release */,
			);
			defaultConfigurationIsVisible = 0;
			defaultConfigurationName = Release;
		};
		39B24AA62ADAC3BA008938C6 /* Build configuration list for PBXNativeTarget "sayfalar arası geçiş" */ = {
			isa = XCConfigurationList;
			buildConfigurations = (
				39B24AA72ADAC3BA008938C6 /* Debug */,
				39B24AA82ADAC3BA008938C6 /* Release */,
			);
			defaultConfigurationIsVisible = 0;
			defaultConfigurationName = Release;
		};
		39B24AA92ADAC3BA008938C6 /* Build configuration list for PBXNativeTarget "sayfalar arası geçişTests" */ = {
			isa = XCConfigurationList;
			buildConfigurations = (
				39B24AAA2ADAC3BA008938C6 /* Debug */,
				39B24AAB2ADAC3BA008938C6 /* Release */,
			);
			defaultConfigurationIsVisible = 0;
			defaultConfigurationName = Release;
		};
		39B24AAC2ADAC3BA008938C6 /* Build configuration list for PBXNativeTarget "sayfalar arası geçişUITests" */ = {
			isa = XCConfigurationList;
			buildConfigurations = (
				39B24AAD2ADAC3BA008938C6 /* Debug */,
				39B24AAE2ADAC3BA008938C6 /* Release */,
			);
			defaultConfigurationIsVisible = 0;
			defaultConfigurationName = Release;
		};
/* End XCConfigurationList section */
	};
	rootObject = 39B24A742ADAC3B9008938C6 /* Project object */;
}
