// !$*UTF8*$!
{
	archiveVersion = 1;
	classes = {
	};
	objectVersion = 56;
	objects = {

/* Begin PBXBuildFile section */
		398E21582B24A92100D0A449 /* KisilerUygulamasi.xcdatamodeld in Sources */ = {isa = PBXBuildFile; fileRef = 398E21562B24A92100D0A449 /* KisilerUygulamasi.xcdatamodeld */; };
		399BB8A02B21F8E2003F3582 /* AppDelegate.swift in Sources */ = {isa = PBXBuildFile; fileRef = 399BB89F2B21F8E2003F3582 /* AppDelegate.swift */; };
		399BB8A22B21F8E2003F3582 /* SceneDelegate.swift in Sources */ = {isa = PBXBuildFile; fileRef = 399BB8A12B21F8E2003F3582 /* SceneDelegate.swift */; };
		399BB8A42B21F8E2003F3582 /* ViewController.swift in Sources */ = {isa = PBXBuildFile; fileRef = 399BB8A32B21F8E2003F3582 /* ViewController.swift */; };
		399BB8A72B21F8E2003F3582 /* Main.storyboard in Resources */ = {isa = PBXBuildFile; fileRef = 399BB8A52B21F8E2003F3582 /* Main.storyboard */; };
		399BB8AC2B21F8E4003F3582 /* Assets.xcassets in Resources */ = {isa = PBXBuildFile; fileRef = 399BB8AB2B21F8E4003F3582 /* Assets.xcassets */; };
		399BB8AF2B21F8E4003F3582 /* LaunchScreen.storyboard in Resources */ = {isa = PBXBuildFile; fileRef = 399BB8AD2B21F8E4003F3582 /* LaunchScreen.storyboard */; };
		399BB8BA2B21F8E4003F3582 /* KisilerUygulamasiTests.swift in Sources */ = {isa = PBXBuildFile; fileRef = 399BB8B92B21F8E4003F3582 /* KisilerUygulamasiTests.swift */; };
		399BB8C42B21F8E4003F3582 /* KisilerUygulamasiUITests.swift in Sources */ = {isa = PBXBuildFile; fileRef = 399BB8C32B21F8E4003F3582 /* KisilerUygulamasiUITests.swift */; };
		399BB8C62B21F8E4003F3582 /* KisilerUygulamasiUITestsLaunchTests.swift in Sources */ = {isa = PBXBuildFile; fileRef = 399BB8C52B21F8E4003F3582 /* KisilerUygulamasiUITestsLaunchTests.swift */; };
		399BB8D32B21FAEC003F3582 /* KisiHucreTableViewCell.swift in Sources */ = {isa = PBXBuildFile; fileRef = 399BB8D22B21FAEC003F3582 /* KisiHucreTableViewCell.swift */; };
		399BB8D52B22069D003F3582 /* KisiEkleViewController.swift in Sources */ = {isa = PBXBuildFile; fileRef = 399BB8D42B22069D003F3582 /* KisiEkleViewController.swift */; };
		399BB8D72B2206B9003F3582 /* KisiGuncelleViewController.swift in Sources */ = {isa = PBXBuildFile; fileRef = 399BB8D62B2206B9003F3582 /* KisiGuncelleViewController.swift */; };
		399BB8D92B2206CC003F3582 /* KisiDetayViewController.swift in Sources */ = {isa = PBXBuildFile; fileRef = 399BB8D82B2206CC003F3582 /* KisiDetayViewController.swift */; };
/* End PBXBuildFile section */

/* Begin PBXContainerItemProxy section */
		399BB8B62B21F8E4003F3582 /* PBXContainerItemProxy */ = {
			isa = PBXContainerItemProxy;
			containerPortal = 399BB8942B21F8E2003F3582 /* Project object */;
			proxyType = 1;
			remoteGlobalIDString = 399BB89B2B21F8E2003F3582;
			remoteInfo = KisilerUygulamasi;
		};
		399BB8C02B21F8E4003F3582 /* PBXContainerItemProxy */ = {
			isa = PBXContainerItemProxy;
			containerPortal = 399BB8942B21F8E2003F3582 /* Project object */;
			proxyType = 1;
			remoteGlobalIDString = 399BB89B2B21F8E2003F3582;
			remoteInfo = KisilerUygulamasi;
		};
/* End PBXContainerItemProxy section */

/* Begin PBXFileReference section */
		398E21572B24A92100D0A449 /* KisilerUygulamasi.xcdatamodel */ = {isa = PBXFileReference; lastKnownFileType = wrapper.xcdatamodel; path = KisilerUygulamasi.xcdatamodel; sourceTree = "<group>"; };
		399BB89C2B21F8E2003F3582 /* KisilerUygulamasi.app */ = {isa = PBXFileReference; explicitFileType = wrapper.application; includeInIndex = 0; path = KisilerUygulamasi.app; sourceTree = BUILT_PRODUCTS_DIR; };
		399BB89F2B21F8E2003F3582 /* AppDelegate.swift */ = {isa = PBXFileReference; lastKnownFileType = sourcecode.swift; path = AppDelegate.swift; sourceTree = "<group>"; };
		399BB8A12B21F8E2003F3582 /* SceneDelegate.swift */ = {isa = PBXFileReference; lastKnownFileType = sourcecode.swift; path = SceneDelegate.swift; sourceTree = "<group>"; };
		399BB8A32B21F8E2003F3582 /* ViewController.swift */ = {isa = PBXFileReference; lastKnownFileType = sourcecode.swift; path = ViewController.swift; sourceTree = "<group>"; };
		399BB8A62B21F8E2003F3582 /* Base */ = {isa = PBXFileReference; lastKnownFileType = file.storyboard; name = Base; path = Base.lproj/Main.storyboard; sourceTree = "<group>"; };
		399BB8AB2B21F8E4003F3582 /* Assets.xcassets */ = {isa = PBXFileReference; lastKnownFileType = folder.assetcatalog; path = Assets.xcassets; sourceTree = "<group>"; };
		399BB8AE2B21F8E4003F3582 /* Base */ = {isa = PBXFileReference; lastKnownFileType = file.storyboard; name = Base; path = Base.lproj/LaunchScreen.storyboard; sourceTree = "<group>"; };
		399BB8B02B21F8E4003F3582 /* Info.plist */ = {isa = PBXFileReference; lastKnownFileType = text.plist.xml; path = Info.plist; sourceTree = "<group>"; };
		399BB8B52B21F8E4003F3582 /* KisilerUygulamasiTests.xctest */ = {isa = PBXFileReference; explicitFileType = wrapper.cfbundle; includeInIndex = 0; path = KisilerUygulamasiTests.xctest; sourceTree = BUILT_PRODUCTS_DIR; };
		399BB8B92B21F8E4003F3582 /* KisilerUygulamasiTests.swift */ = {isa = PBXFileReference; lastKnownFileType = sourcecode.swift; path = KisilerUygulamasiTests.swift; sourceTree = "<group>"; };
		399BB8BF2B21F8E4003F3582 /* KisilerUygulamasiUITests.xctest */ = {isa = PBXFileReference; explicitFileType = wrapper.cfbundle; includeInIndex = 0; path = KisilerUygulamasiUITests.xctest; sourceTree = BUILT_PRODUCTS_DIR; };
		399BB8C32B21F8E4003F3582 /* KisilerUygulamasiUITests.swift */ = {isa = PBXFileReference; lastKnownFileType = sourcecode.swift; path = KisilerUygulamasiUITests.swift; sourceTree = "<group>"; };
		399BB8C52B21F8E4003F3582 /* KisilerUygulamasiUITestsLaunchTests.swift */ = {isa = PBXFileReference; lastKnownFileType = sourcecode.swift; path = KisilerUygulamasiUITestsLaunchTests.swift; sourceTree = "<group>"; };
		399BB8D22B21FAEC003F3582 /* KisiHucreTableViewCell.swift */ = {isa = PBXFileReference; lastKnownFileType = sourcecode.swift; path = KisiHucreTableViewCell.swift; sourceTree = "<group>"; };
		399BB8D42B22069D003F3582 /* KisiEkleViewController.swift */ = {isa = PBXFileReference; lastKnownFileType = sourcecode.swift; path = KisiEkleViewController.swift; sourceTree = "<group>"; };
		399BB8D62B2206B9003F3582 /* KisiGuncelleViewController.swift */ = {isa = PBXFileReference; lastKnownFileType = sourcecode.swift; path = KisiGuncelleViewController.swift; sourceTree = "<group>"; };
		399BB8D82B2206CC003F3582 /* KisiDetayViewController.swift */ = {isa = PBXFileReference; lastKnownFileType = sourcecode.swift; path = KisiDetayViewController.swift; sourceTree = "<group>"; };
/* End PBXFileReference section */

/* Begin PBXFrameworksBuildPhase section */
		399BB8992B21F8E2003F3582 /* Frameworks */ = {
			isa = PBXFrameworksBuildPhase;
			buildActionMask = 2147483647;
			files = (
			);
			runOnlyForDeploymentPostprocessing = 0;
		};
		399BB8B22B21F8E4003F3582 /* Frameworks */ = {
			isa = PBXFrameworksBuildPhase;
			buildActionMask = 2147483647;
			files = (
			);
			runOnlyForDeploymentPostprocessing = 0;
		};
		399BB8BC2B21F8E4003F3582 /* Frameworks */ = {
			isa = PBXFrameworksBuildPhase;
			buildActionMask = 2147483647;
			files = (
			);
			runOnlyForDeploymentPostprocessing = 0;
		};
/* End PBXFrameworksBuildPhase section */

/* Begin PBXGroup section */
		399BB8932B21F8E2003F3582 = {
			isa = PBXGroup;
			children = (
				399BB89E2B21F8E2003F3582 /* KisilerUygulamasi */,
				399BB8B82B21F8E4003F3582 /* KisilerUygulamasiTests */,
				399BB8C22B21F8E4003F3582 /* KisilerUygulamasiUITests */,
				399BB89D2B21F8E2003F3582 /* Products */,
			);
			sourceTree = "<group>";
		};
		399BB89D2B21F8E2003F3582 /* Products */ = {
			isa = PBXGroup;
			children = (
				399BB89C2B21F8E2003F3582 /* KisilerUygulamasi.app */,
				399BB8B52B21F8E4003F3582 /* KisilerUygulamasiTests.xctest */,
				399BB8BF2B21F8E4003F3582 /* KisilerUygulamasiUITests.xctest */,
			);
			name = Products;
			sourceTree = "<group>";
		};
		399BB89E2B21F8E2003F3582 /* KisilerUygulamasi */ = {
			isa = PBXGroup;
			children = (
				399BB89F2B21F8E2003F3582 /* AppDelegate.swift */,
				399BB8A12B21F8E2003F3582 /* SceneDelegate.swift */,
				399BB8A32B21F8E2003F3582 /* ViewController.swift */,
				399BB8A52B21F8E2003F3582 /* Main.storyboard */,
				399BB8D82B2206CC003F3582 /* KisiDetayViewController.swift */,
				399BB8D62B2206B9003F3582 /* KisiGuncelleViewController.swift */,
				399BB8D42B22069D003F3582 /* KisiEkleViewController.swift */,
				399BB8AB2B21F8E4003F3582 /* Assets.xcassets */,
				399BB8AD2B21F8E4003F3582 /* LaunchScreen.storyboard */,
				399BB8B02B21F8E4003F3582 /* Info.plist */,
				399BB8D22B21FAEC003F3582 /* KisiHucreTableViewCell.swift */,
				398E21562B24A92100D0A449 /* KisilerUygulamasi.xcdatamodeld */,
			);
			path = KisilerUygulamasi;
			sourceTree = "<group>";
		};
		399BB8B82B21F8E4003F3582 /* KisilerUygulamasiTests */ = {
			isa = PBXGroup;
			children = (
				399BB8B92B21F8E4003F3582 /* KisilerUygulamasiTests.swift */,
			);
			path = KisilerUygulamasiTests;
			sourceTree = "<group>";
		};
		399BB8C22B21F8E4003F3582 /* KisilerUygulamasiUITests */ = {
			isa = PBXGroup;
			children = (
				399BB8C32B21F8E4003F3582 /* KisilerUygulamasiUITests.swift */,
				399BB8C52B21F8E4003F3582 /* KisilerUygulamasiUITestsLaunchTests.swift */,
			);
			path = KisilerUygulamasiUITests;
			sourceTree = "<group>";
		};
/* End PBXGroup section */

/* Begin PBXNativeTarget section */
		399BB89B2B21F8E2003F3582 /* KisilerUygulamasi */ = {
			isa = PBXNativeTarget;
			buildConfigurationList = 399BB8C92B21F8E4003F3582 /* Build configuration list for PBXNativeTarget "KisilerUygulamasi" */;
			buildPhases = (
				399BB8982B21F8E2003F3582 /* Sources */,
				399BB8992B21F8E2003F3582 /* Frameworks */,
				399BB89A2B21F8E2003F3582 /* Resources */,
			);
			buildRules = (
			);
			dependencies = (
			);
			name = KisilerUygulamasi;
			productName = KisilerUygulamasi;
			productReference = 399BB89C2B21F8E2003F3582 /* KisilerUygulamasi.app */;
			productType = "com.apple.product-type.application";
		};
		399BB8B42B21F8E4003F3582 /* KisilerUygulamasiTests */ = {
			isa = PBXNativeTarget;
			buildConfigurationList = 399BB8CC2B21F8E4003F3582 /* Build configuration list for PBXNativeTarget "KisilerUygulamasiTests" */;
			buildPhases = (
				399BB8B12B21F8E4003F3582 /* Sources */,
				399BB8B22B21F8E4003F3582 /* Frameworks */,
				399BB8B32B21F8E4003F3582 /* Resources */,
			);
			buildRules = (
			);
			dependencies = (
				399BB8B72B21F8E4003F3582 /* PBXTargetDependency */,
			);
			name = KisilerUygulamasiTests;
			productName = KisilerUygulamasiTests;
			productReference = 399BB8B52B21F8E4003F3582 /* KisilerUygulamasiTests.xctest */;
			productType = "com.apple.product-type.bundle.unit-test";
		};
		399BB8BE2B21F8E4003F3582 /* KisilerUygulamasiUITests */ = {
			isa = PBXNativeTarget;
			buildConfigurationList = 399BB8CF2B21F8E4003F3582 /* Build configuration list for PBXNativeTarget "KisilerUygulamasiUITests" */;
			buildPhases = (
				399BB8BB2B21F8E4003F3582 /* Sources */,
				399BB8BC2B21F8E4003F3582 /* Frameworks */,
				399BB8BD2B21F8E4003F3582 /* Resources */,
			);
			buildRules = (
			);
			dependencies = (
				399BB8C12B21F8E4003F3582 /* PBXTargetDependency */,
			);
			name = KisilerUygulamasiUITests;
			productName = KisilerUygulamasiUITests;
			productReference = 399BB8BF2B21F8E4003F3582 /* KisilerUygulamasiUITests.xctest */;
			productType = "com.apple.product-type.bundle.ui-testing";
		};
/* End PBXNativeTarget section */

/* Begin PBXProject section */
		399BB8942B21F8E2003F3582 /* Project object */ = {
			isa = PBXProject;
			attributes = {
				BuildIndependentTargetsInParallel = 1;
				LastSwiftUpdateCheck = 1400;
				LastUpgradeCheck = 1400;
				TargetAttributes = {
					399BB89B2B21F8E2003F3582 = {
						CreatedOnToolsVersion = 14.0;
					};
					399BB8B42B21F8E4003F3582 = {
						CreatedOnToolsVersion = 14.0;
						TestTargetID = 399BB89B2B21F8E2003F3582;
					};
					399BB8BE2B21F8E4003F3582 = {
						CreatedOnToolsVersion = 14.0;
						TestTargetID = 399BB89B2B21F8E2003F3582;
					};
				};
			};
			buildConfigurationList = 399BB8972B21F8E2003F3582 /* Build configuration list for PBXProject "KisilerUygulamasi" */;
			compatibilityVersion = "Xcode 14.0";
			developmentRegion = en;
			hasScannedForEncodings = 0;
			knownRegions = (
				en,
				Base,
			);
			mainGroup = 399BB8932B21F8E2003F3582;
			productRefGroup = 399BB89D2B21F8E2003F3582 /* Products */;
			projectDirPath = "";
			projectRoot = "";
			targets = (
				399BB89B2B21F8E2003F3582 /* KisilerUygulamasi */,
				399BB8B42B21F8E4003F3582 /* KisilerUygulamasiTests */,
				399BB8BE2B21F8E4003F3582 /* KisilerUygulamasiUITests */,
			);
		};
/* End PBXProject section */

/* Begin PBXResourcesBuildPhase section */
		399BB89A2B21F8E2003F3582 /* Resources */ = {
			isa = PBXResourcesBuildPhase;
			buildActionMask = 2147483647;
			files = (
				399BB8AF2B21F8E4003F3582 /* LaunchScreen.storyboard in Resources */,
				399BB8AC2B21F8E4003F3582 /* Assets.xcassets in Resources */,
				399BB8A72B21F8E2003F3582 /* Main.storyboard in Resources */,
			);
			runOnlyForDeploymentPostprocessing = 0;
		};
		399BB8B32B21F8E4003F3582 /* Resources */ = {
			isa = PBXResourcesBuildPhase;
			buildActionMask = 2147483647;
			files = (
			);
			runOnlyForDeploymentPostprocessing = 0;
		};
		399BB8BD2B21F8E4003F3582 /* Resources */ = {
			isa = PBXResourcesBuildPhase;
			buildActionMask = 2147483647;
			files = (
			);
			runOnlyForDeploymentPostprocessing = 0;
		};
/* End PBXResourcesBuildPhase section */

/* Begin PBXSourcesBuildPhase section */
		399BB8982B21F8E2003F3582 /* Sources */ = {
			isa = PBXSourcesBuildPhase;
			buildActionMask = 2147483647;
			files = (
				398E21582B24A92100D0A449 /* KisilerUygulamasi.xcdatamodeld in Sources */,
				399BB8A42B21F8E2003F3582 /* ViewController.swift in Sources */,
				399BB8D72B2206B9003F3582 /* KisiGuncelleViewController.swift in Sources */,
				399BB8D52B22069D003F3582 /* KisiEkleViewController.swift in Sources */,
				399BB8A02B21F8E2003F3582 /* AppDelegate.swift in Sources */,
				399BB8A22B21F8E2003F3582 /* SceneDelegate.swift in Sources */,
				399BB8D92B2206CC003F3582 /* KisiDetayViewController.swift in Sources */,
				399BB8D32B21FAEC003F3582 /* KisiHucreTableViewCell.swift in Sources */,
			);
			runOnlyForDeploymentPostprocessing = 0;
		};
		399BB8B12B21F8E4003F3582 /* Sources */ = {
			isa = PBXSourcesBuildPhase;
			buildActionMask = 2147483647;
			files = (
				399BB8BA2B21F8E4003F3582 /* KisilerUygulamasiTests.swift in Sources */,
			);
			runOnlyForDeploymentPostprocessing = 0;
		};
		399BB8BB2B21F8E4003F3582 /* Sources */ = {
			isa = PBXSourcesBuildPhase;
			buildActionMask = 2147483647;
			files = (
				399BB8C42B21F8E4003F3582 /* KisilerUygulamasiUITests.swift in Sources */,
				399BB8C62B21F8E4003F3582 /* KisilerUygulamasiUITestsLaunchTests.swift in Sources */,
			);
			runOnlyForDeploymentPostprocessing = 0;
		};
/* End PBXSourcesBuildPhase section */

/* Begin PBXTargetDependency section */
		399BB8B72B21F8E4003F3582 /* PBXTargetDependency */ = {
			isa = PBXTargetDependency;
			target = 399BB89B2B21F8E2003F3582 /* KisilerUygulamasi */;
			targetProxy = 399BB8B62B21F8E4003F3582 /* PBXContainerItemProxy */;
		};
		399BB8C12B21F8E4003F3582 /* PBXTargetDependency */ = {
			isa = PBXTargetDependency;
			target = 399BB89B2B21F8E2003F3582 /* KisilerUygulamasi */;
			targetProxy = 399BB8C02B21F8E4003F3582 /* PBXContainerItemProxy */;
		};
/* End PBXTargetDependency section */

/* Begin PBXVariantGroup section */
		399BB8A52B21F8E2003F3582 /* Main.storyboard */ = {
			isa = PBXVariantGroup;
			children = (
				399BB8A62B21F8E2003F3582 /* Base */,
			);
			name = Main.storyboard;
			sourceTree = "<group>";
		};
		399BB8AD2B21F8E4003F3582 /* LaunchScreen.storyboard */ = {
			isa = PBXVariantGroup;
			children = (
				399BB8AE2B21F8E4003F3582 /* Base */,
			);
			name = LaunchScreen.storyboard;
			sourceTree = "<group>";
		};
/* End PBXVariantGroup section */

/* Begin XCBuildConfiguration section */
		399BB8C72B21F8E4003F3582 /* Debug */ = {
			isa = XCBuildConfiguration;
			buildSettings = {
				ALWAYS_SEARCH_USER_PATHS = NO;
				CLANG_ANALYZER_NONNULL = YES;
				CLANG_ANALYZER_NUMBER_OBJECT_CONVERSION = YES_AGGRESSIVE;
				CLANG_CXX_LANGUAGE_STANDARD = "gnu++20";
				CLANG_ENABLE_MODULES = YES;
				CLANG_ENABLE_OBJC_ARC = YES;
				CLANG_ENABLE_OBJC_WEAK = YES;
				CLANG_WARN_BLOCK_CAPTURE_AUTORELEASING = YES;
				CLANG_WARN_BOOL_CONVERSION = YES;
				CLANG_WARN_COMMA = YES;
				CLANG_WARN_CONSTANT_CONVERSION = YES;
				CLANG_WARN_DEPRECATED_OBJC_IMPLEMENTATIONS = YES;
				CLANG_WARN_DIRECT_OBJC_ISA_USAGE = YES_ERROR;
				CLANG_WARN_DOCUMENTATION_COMMENTS = YES;
				CLANG_WARN_EMPTY_BODY = YES;
				CLANG_WARN_ENUM_CONVERSION = YES;
				CLANG_WARN_INFINITE_RECURSION = YES;
				CLANG_WARN_INT_CONVERSION = YES;
				CLANG_WARN_NON_LITERAL_NULL_CONVERSION = YES;
				CLANG_WARN_OBJC_IMPLICIT_RETAIN_SELF = YES;
				CLANG_WARN_OBJC_LITERAL_CONVERSION = YES;
				CLANG_WARN_OBJC_ROOT_CLASS = YES_ERROR;
				CLANG_WARN_QUOTED_INCLUDE_IN_FRAMEWORK_HEADER = YES;
				CLANG_WARN_RANGE_LOOP_ANALYSIS = YES;
				CLANG_WARN_STRICT_PROTOTYPES = YES;
				CLANG_WARN_SUSPICIOUS_MOVE = YES;
				CLANG_WARN_UNGUARDED_AVAILABILITY = YES_AGGRESSIVE;
				CLANG_WARN_UNREACHABLE_CODE = YES;
				CLANG_WARN__DUPLICATE_METHOD_MATCH = YES;
				COPY_PHASE_STRIP = NO;
				DEBUG_INFORMATION_FORMAT = dwarf;
				ENABLE_STRICT_OBJC_MSGSEND = YES;
				ENABLE_TESTABILITY = YES;
				GCC_C_LANGUAGE_STANDARD = gnu11;
				GCC_DYNAMIC_NO_PIC = NO;
				GCC_NO_COMMON_BLOCKS = YES;
				GCC_OPTIMIZATION_LEVEL = 0;
				GCC_PREPROCESSOR_DEFINITIONS = (
					"DEBUG=1",
					"$(inherited)",
				);
				GCC_WARN_64_TO_32_BIT_CONVERSION = YES;
				GCC_WARN_ABOUT_RETURN_TYPE = YES_ERROR;
				GCC_WARN_UNDECLARED_SELECTOR = YES;
				GCC_WARN_UNINITIALIZED_AUTOS = YES_AGGRESSIVE;
				GCC_WARN_UNUSED_FUNCTION = YES;
				GCC_WARN_UNUSED_VARIABLE = YES;
				IPHONEOS_DEPLOYMENT_TARGET = 16.0;
				MTL_ENABLE_DEBUG_INFO = INCLUDE_SOURCE;
				MTL_FAST_MATH = YES;
				ONLY_ACTIVE_ARCH = YES;
				SDKROOT = iphoneos;
				SWIFT_ACTIVE_COMPILATION_CONDITIONS = DEBUG;
				SWIFT_OPTIMIZATION_LEVEL = "-Onone";
			};
			name = Debug;
		};
		399BB8C82B21F8E4003F3582 /* Release */ = {
			isa = XCBuildConfiguration;
			buildSettings = {
				ALWAYS_SEARCH_USER_PATHS = NO;
				CLANG_ANALYZER_NONNULL = YES;
				CLANG_ANALYZER_NUMBER_OBJECT_CONVERSION = YES_AGGRESSIVE;
				CLANG_CXX_LANGUAGE_STANDARD = "gnu++20";
				CLANG_ENABLE_MODULES = YES;
				CLANG_ENABLE_OBJC_ARC = YES;
				CLANG_ENABLE_OBJC_WEAK = YES;
				CLANG_WARN_BLOCK_CAPTURE_AUTORELEASING = YES;
				CLANG_WARN_BOOL_CONVERSION = YES;
				CLANG_WARN_COMMA = YES;
				CLANG_WARN_CONSTANT_CONVERSION = YES;
				CLANG_WARN_DEPRECATED_OBJC_IMPLEMENTATIONS = YES;
				CLANG_WARN_DIRECT_OBJC_ISA_USAGE = YES_ERROR;
				CLANG_WARN_DOCUMENTATION_COMMENTS = YES;
				CLANG_WARN_EMPTY_BODY = YES;
				CLANG_WARN_ENUM_CONVERSION = YES;
				CLANG_WARN_INFINITE_RECURSION = YES;
				CLANG_WARN_INT_CONVERSION = YES;
				CLANG_WARN_NON_LITERAL_NULL_CONVERSION = YES;
				CLANG_WARN_OBJC_IMPLICIT_RETAIN_SELF = YES;
				CLANG_WARN_OBJC_LITERAL_CONVERSION = YES;
				CLANG_WARN_OBJC_ROOT_CLASS = YES_ERROR;
				CLANG_WARN_QUOTED_INCLUDE_IN_FRAMEWORK_HEADER = YES;
				CLANG_WARN_RANGE_LOOP_ANALYSIS = YES;
				CLANG_WARN_STRICT_PROTOTYPES = YES;
				CLANG_WARN_SUSPICIOUS_MOVE = YES;
				CLANG_WARN_UNGUARDED_AVAILABILITY = YES_AGGRESSIVE;
				CLANG_WARN_UNREACHABLE_CODE = YES;
				CLANG_WARN__DUPLICATE_METHOD_MATCH = YES;
				COPY_PHASE_STRIP = NO;
				DEBUG_INFORMATION_FORMAT = "dwarf-with-dsym";
				ENABLE_NS_ASSERTIONS = NO;
				ENABLE_STRICT_OBJC_MSGSEND = YES;
				GCC_C_LANGUAGE_STANDARD = gnu11;
				GCC_NO_COMMON_BLOCKS = YES;
				GCC_WARN_64_TO_32_BIT_CONVERSION = YES;
				GCC_WARN_ABOUT_RETURN_TYPE = YES_ERROR;
				GCC_WARN_UNDECLARED_SELECTOR = YES;
				GCC_WARN_UNINITIALIZED_AUTOS = YES_AGGRESSIVE;
				GCC_WARN_UNUSED_FUNCTION = YES;
				GCC_WARN_UNUSED_VARIABLE = YES;
				IPHONEOS_DEPLOYMENT_TARGET = 16.0;
				MTL_ENABLE_DEBUG_INFO = NO;
				MTL_FAST_MATH = YES;
				SDKROOT = iphoneos;
				SWIFT_COMPILATION_MODE = wholemodule;
				SWIFT_OPTIMIZATION_LEVEL = "-O";
				VALIDATE_PRODUCT = YES;
			};
			name = Release;
		};
		399BB8CA2B21F8E4003F3582 /* Debug */ = {
			isa = XCBuildConfiguration;
			buildSettings = {
				ASSETCATALOG_COMPILER_APPICON_NAME = AppIcon;
				ASSETCATALOG_COMPILER_GLOBAL_ACCENT_COLOR_NAME = AccentColor;
				CODE_SIGN_STYLE = Automatic;
				CURRENT_PROJECT_VERSION = 1;
				DEVELOPMENT_TEAM = PN7U7592HC;
				GENERATE_INFOPLIST_FILE = YES;
				INFOPLIST_FILE = KisilerUygulamasi/Info.plist;
				INFOPLIST_KEY_UIApplicationSupportsIndirectInputEvents = YES;
				INFOPLIST_KEY_UILaunchStoryboardName = LaunchScreen;
				INFOPLIST_KEY_UIMainStoryboardFile = Main;
				INFOPLIST_KEY_UISupportedInterfaceOrientations_iPad = "UIInterfaceOrientationPortrait UIInterfaceOrientationPortraitUpsideDown UIInterfaceOrientationLandscapeLeft UIInterfaceOrientationLandscapeRight";
				INFOPLIST_KEY_UISupportedInterfaceOrientations_iPhone = "UIInterfaceOrientationPortrait UIInterfaceOrientationLandscapeLeft UIInterfaceOrientationLandscapeRight";
				LD_RUNPATH_SEARCH_PATHS = (
					"$(inherited)",
					"@executable_path/Frameworks",
				);
				MARKETING_VERSION = 1.0;
				PRODUCT_BUNDLE_IDENTIFIER = info.KisilerUygulamasi;
				PRODUCT_NAME = "$(TARGET_NAME)";
				SWIFT_EMIT_LOC_STRINGS = YES;
				SWIFT_VERSION = 5.0;
				TARGETED_DEVICE_FAMILY = "1,2";
			};
			name = Debug;
		};
		399BB8CB2B21F8E4003F3582 /* Release */ = {
			isa = XCBuildConfiguration;
			buildSettings = {
				ASSETCATALOG_COMPILER_APPICON_NAME = AppIcon;
				ASSETCATALOG_COMPILER_GLOBAL_ACCENT_COLOR_NAME = AccentColor;
				CODE_SIGN_STYLE = Automatic;
				CURRENT_PROJECT_VERSION = 1;
				DEVELOPMENT_TEAM = PN7U7592HC;
				GENERATE_INFOPLIST_FILE = YES;
				INFOPLIST_FILE = KisilerUygulamasi/Info.plist;
				INFOPLIST_KEY_UIApplicationSupportsIndirectInputEvents = YES;
				INFOPLIST_KEY_UILaunchStoryboardName = LaunchScreen;
				INFOPLIST_KEY_UIMainStoryboardFile = Main;
				INFOPLIST_KEY_UISupportedInterfaceOrientations_iPad = "UIInterfaceOrientationPortrait UIInterfaceOrientationPortraitUpsideDown UIInterfaceOrientationLandscapeLeft UIInterfaceOrientationLandscapeRight";
				INFOPLIST_KEY_UISupportedInterfaceOrientations_iPhone = "UIInterfaceOrientationPortrait UIInterfaceOrientationLandscapeLeft UIInterfaceOrientationLandscapeRight";
				LD_RUNPATH_SEARCH_PATHS = (
					"$(inherited)",
					"@executable_path/Frameworks",
				);
				MARKETING_VERSION = 1.0;
				PRODUCT_BUNDLE_IDENTIFIER = info.KisilerUygulamasi;
				PRODUCT_NAME = "$(TARGET_NAME)";
				SWIFT_EMIT_LOC_STRINGS = YES;
				SWIFT_VERSION = 5.0;
				TARGETED_DEVICE_FAMILY = "1,2";
			};
			name = Release;
		};
		399BB8CD2B21F8E4003F3582 /* Debug */ = {
			isa = XCBuildConfiguration;
			buildSettings = {
				ALWAYS_EMBED_SWIFT_STANDARD_LIBRARIES = YES;
				BUNDLE_LOADER = "$(TEST_HOST)";
				CODE_SIGN_STYLE = Automatic;
				CURRENT_PROJECT_VERSION = 1;
				DEVELOPMENT_TEAM = PN7U7592HC;
				GENERATE_INFOPLIST_FILE = YES;
				IPHONEOS_DEPLOYMENT_TARGET = 16.0;
				MARKETING_VERSION = 1.0;
				PRODUCT_BUNDLE_IDENTIFIER = info.KisilerUygulamasiTests;
				PRODUCT_NAME = "$(TARGET_NAME)";
				SWIFT_EMIT_LOC_STRINGS = NO;
				SWIFT_VERSION = 5.0;
				TARGETED_DEVICE_FAMILY = "1,2";
				TEST_HOST = "$(BUILT_PRODUCTS_DIR)/KisilerUygulamasi.app/$(BUNDLE_EXECUTABLE_FOLDER_PATH)/KisilerUygulamasi";
			};
			name = Debug;
		};
		399BB8CE2B21F8E4003F3582 /* Release */ = {
			isa = XCBuildConfiguration;
			buildSettings = {
				ALWAYS_EMBED_SWIFT_STANDARD_LIBRARIES = YES;
				BUNDLE_LOADER = "$(TEST_HOST)";
				CODE_SIGN_STYLE = Automatic;
				CURRENT_PROJECT_VERSION = 1;
				DEVELOPMENT_TEAM = PN7U7592HC;
				GENERATE_INFOPLIST_FILE = YES;
				IPHONEOS_DEPLOYMENT_TARGET = 16.0;
				MARKETING_VERSION = 1.0;
				PRODUCT_BUNDLE_IDENTIFIER = info.KisilerUygulamasiTests;
				PRODUCT_NAME = "$(TARGET_NAME)";
				SWIFT_EMIT_LOC_STRINGS = NO;
				SWIFT_VERSION = 5.0;
				TARGETED_DEVICE_FAMILY = "1,2";
				TEST_HOST = "$(BUILT_PRODUCTS_DIR)/KisilerUygulamasi.app/$(BUNDLE_EXECUTABLE_FOLDER_PATH)/KisilerUygulamasi";
			};
			name = Release;
		};
		399BB8D02B21F8E4003F3582 /* Debug */ = {
			isa = XCBuildConfiguration;
			buildSettings = {
				ALWAYS_EMBED_SWIFT_STANDARD_LIBRARIES = YES;
				CODE_SIGN_STYLE = Automatic;
				CURRENT_PROJECT_VERSION = 1;
				DEVELOPMENT_TEAM = PN7U7592HC;
				GENERATE_INFOPLIST_FILE = YES;
				MARKETING_VERSION = 1.0;
				PRODUCT_BUNDLE_IDENTIFIER = info.KisilerUygulamasiUITests;
				PRODUCT_NAME = "$(TARGET_NAME)";
				SWIFT_EMIT_LOC_STRINGS = NO;
				SWIFT_VERSION = 5.0;
				TARGETED_DEVICE_FAMILY = "1,2";
				TEST_TARGET_NAME = KisilerUygulamasi;
			};
			name = Debug;
		};
		399BB8D12B21F8E4003F3582 /* Release */ = {
			isa = XCBuildConfiguration;
			buildSettings = {
				ALWAYS_EMBED_SWIFT_STANDARD_LIBRARIES = YES;
				CODE_SIGN_STYLE = Automatic;
				CURRENT_PROJECT_VERSION = 1;
				DEVELOPMENT_TEAM = PN7U7592HC;
				GENERATE_INFOPLIST_FILE = YES;
				MARKETING_VERSION = 1.0;
				PRODUCT_BUNDLE_IDENTIFIER = info.KisilerUygulamasiUITests;
				PRODUCT_NAME = "$(TARGET_NAME)";
				SWIFT_EMIT_LOC_STRINGS = NO;
				SWIFT_VERSION = 5.0;
				TARGETED_DEVICE_FAMILY = "1,2";
				TEST_TARGET_NAME = KisilerUygulamasi;
			};
			name = Release;
		};
/* End XCBuildConfiguration section */

/* Begin XCConfigurationList section */
		399BB8972B21F8E2003F3582 /* Build configuration list for PBXProject "KisilerUygulamasi" */ = {
			isa = XCConfigurationList;
			buildConfigurations = (
				399BB8C72B21F8E4003F3582 /* Debug */,
				399BB8C82B21F8E4003F3582 /* Release */,
			);
			defaultConfigurationIsVisible = 0;
			defaultConfigurationName = Release;
		};
		399BB8C92B21F8E4003F3582 /* Build configuration list for PBXNativeTarget "KisilerUygulamasi" */ = {
			isa = XCConfigurationList;
			buildConfigurations = (
				399BB8CA2B21F8E4003F3582 /* Debug */,
				399BB8CB2B21F8E4003F3582 /* Release */,
			);
			defaultConfigurationIsVisible = 0;
			defaultConfigurationName = Release;
		};
		399BB8CC2B21F8E4003F3582 /* Build configuration list for PBXNativeTarget "KisilerUygulamasiTests" */ = {
			isa = XCConfigurationList;
			buildConfigurations = (
				399BB8CD2B21F8E4003F3582 /* Debug */,
				399BB8CE2B21F8E4003F3582 /* Release */,
			);
			defaultConfigurationIsVisible = 0;
			defaultConfigurationName = Release;
		};
		399BB8CF2B21F8E4003F3582 /* Build configuration list for PBXNativeTarget "KisilerUygulamasiUITests" */ = {
			isa = XCConfigurationList;
			buildConfigurations = (
				399BB8D02B21F8E4003F3582 /* Debug */,
				399BB8D12B21F8E4003F3582 /* Release */,
			);
			defaultConfigurationIsVisible = 0;
			defaultConfigurationName = Release;
		};
/* End XCConfigurationList section */

/* Begin XCVersionGroup section */
		398E21562B24A92100D0A449 /* KisilerUygulamasi.xcdatamodeld */ = {
			isa = XCVersionGroup;
			children = (
				398E21572B24A92100D0A449 /* KisilerUygulamasi.xcdatamodel */,
			);
			currentVersion = 398E21572B24A92100D0A449 /* KisilerUygulamasi.xcdatamodel */;
			path = KisilerUygulamasi.xcdatamodeld;
			sourceTree = SOURCE_ROOT;
			versionGroupType = wrapper.xcdatamodel;
		};
/* End XCVersionGroup section */
	};
	rootObject = 399BB8942B21F8E2003F3582 /* Project object */;
}
