// !$*UTF8*$!
{
	archiveVersion = 1;
	classes = {
	};
	objectVersion = 56;
	objects = {

/* Begin PBXBuildFile section */
		39D22CA82AFD48D700E23D74 /* AppDelegate.swift in Sources */ = {isa = PBXBuildFile; fileRef = 39D22CA72AFD48D700E23D74 /* AppDelegate.swift */; };
		39D22CAA2AFD48D700E23D74 /* SceneDelegate.swift in Sources */ = {isa = PBXBuildFile; fileRef = 39D22CA92AFD48D700E23D74 /* SceneDelegate.swift */; };
		39D22CAC2AFD48D700E23D74 /* ViewController.swift in Sources */ = {isa = PBXBuildFile; fileRef = 39D22CAB2AFD48D700E23D74 /* ViewController.swift */; };
		39D22CAF2AFD48D700E23D74 /* Main.storyboard in Resources */ = {isa = PBXBuildFile; fileRef = 39D22CAD2AFD48D700E23D74 /* Main.storyboard */; };
		39D22CB12AFD48D900E23D74 /* Assets.xcassets in Resources */ = {isa = PBXBuildFile; fileRef = 39D22CB02AFD48D900E23D74 /* Assets.xcassets */; };
		39D22CB42AFD48D900E23D74 /* LaunchScreen.storyboard in Resources */ = {isa = PBXBuildFile; fileRef = 39D22CB22AFD48D900E23D74 /* LaunchScreen.storyboard */; };
		39D22CBF2AFD48D900E23D74 /* Search_Bar_TableViewTests.swift in Sources */ = {isa = PBXBuildFile; fileRef = 39D22CBE2AFD48D900E23D74 /* Search_Bar_TableViewTests.swift */; };
		39D22CC92AFD48D900E23D74 /* Search_Bar_TableViewUITests.swift in Sources */ = {isa = PBXBuildFile; fileRef = 39D22CC82AFD48D900E23D74 /* Search_Bar_TableViewUITests.swift */; };
		39D22CCB2AFD48D900E23D74 /* Search_Bar_TableViewUITestsLaunchTests.swift in Sources */ = {isa = PBXBuildFile; fileRef = 39D22CCA2AFD48D900E23D74 /* Search_Bar_TableViewUITestsLaunchTests.swift */; };
/* End PBXBuildFile section */

/* Begin PBXContainerItemProxy section */
		39D22CBB2AFD48D900E23D74 /* PBXContainerItemProxy */ = {
			isa = PBXContainerItemProxy;
			containerPortal = 39D22C9C2AFD48D700E23D74 /* Project object */;
			proxyType = 1;
			remoteGlobalIDString = 39D22CA32AFD48D700E23D74;
			remoteInfo = "Search Bar TableView";
		};
		39D22CC52AFD48D900E23D74 /* PBXContainerItemProxy */ = {
			isa = PBXContainerItemProxy;
			containerPortal = 39D22C9C2AFD48D700E23D74 /* Project object */;
			proxyType = 1;
			remoteGlobalIDString = 39D22CA32AFD48D700E23D74;
			remoteInfo = "Search Bar TableView";
		};
/* End PBXContainerItemProxy section */

/* Begin PBXFileReference section */
		39D22CA42AFD48D700E23D74 /* Search Bar TableView.app */ = {isa = PBXFileReference; explicitFileType = wrapper.application; includeInIndex = 0; path = "Search Bar TableView.app"; sourceTree = BUILT_PRODUCTS_DIR; };
		39D22CA72AFD48D700E23D74 /* AppDelegate.swift */ = {isa = PBXFileReference; lastKnownFileType = sourcecode.swift; path = AppDelegate.swift; sourceTree = "<group>"; };
		39D22CA92AFD48D700E23D74 /* SceneDelegate.swift */ = {isa = PBXFileReference; lastKnownFileType = sourcecode.swift; path = SceneDelegate.swift; sourceTree = "<group>"; };
		39D22CAB2AFD48D700E23D74 /* ViewController.swift */ = {isa = PBXFileReference; lastKnownFileType = sourcecode.swift; path = ViewController.swift; sourceTree = "<group>"; };
		39D22CAE2AFD48D700E23D74 /* Base */ = {isa = PBXFileReference; lastKnownFileType = file.storyboard; name = Base; path = Base.lproj/Main.storyboard; sourceTree = "<group>"; };
		39D22CB02AFD48D900E23D74 /* Assets.xcassets */ = {isa = PBXFileReference; lastKnownFileType = folder.assetcatalog; path = Assets.xcassets; sourceTree = "<group>"; };
		39D22CB32AFD48D900E23D74 /* Base */ = {isa = PBXFileReference; lastKnownFileType = file.storyboard; name = Base; path = Base.lproj/LaunchScreen.storyboard; sourceTree = "<group>"; };
		39D22CB52AFD48D900E23D74 /* Info.plist */ = {isa = PBXFileReference; lastKnownFileType = text.plist.xml; path = Info.plist; sourceTree = "<group>"; };
		39D22CBA2AFD48D900E23D74 /* Search Bar TableViewTests.xctest */ = {isa = PBXFileReference; explicitFileType = wrapper.cfbundle; includeInIndex = 0; path = "Search Bar TableViewTests.xctest"; sourceTree = BUILT_PRODUCTS_DIR; };
		39D22CBE2AFD48D900E23D74 /* Search_Bar_TableViewTests.swift */ = {isa = PBXFileReference; lastKnownFileType = sourcecode.swift; path = Search_Bar_TableViewTests.swift; sourceTree = "<group>"; };
		39D22CC42AFD48D900E23D74 /* Search Bar TableViewUITests.xctest */ = {isa = PBXFileReference; explicitFileType = wrapper.cfbundle; includeInIndex = 0; path = "Search Bar TableViewUITests.xctest"; sourceTree = BUILT_PRODUCTS_DIR; };
		39D22CC82AFD48D900E23D74 /* Search_Bar_TableViewUITests.swift */ = {isa = PBXFileReference; lastKnownFileType = sourcecode.swift; path = Search_Bar_TableViewUITests.swift; sourceTree = "<group>"; };
		39D22CCA2AFD48D900E23D74 /* Search_Bar_TableViewUITestsLaunchTests.swift */ = {isa = PBXFileReference; lastKnownFileType = sourcecode.swift; path = Search_Bar_TableViewUITestsLaunchTests.swift; sourceTree = "<group>"; };
/* End PBXFileReference section */

/* Begin PBXFrameworksBuildPhase section */
		39D22CA12AFD48D700E23D74 /* Frameworks */ = {
			isa = PBXFrameworksBuildPhase;
			buildActionMask = 2147483647;
			files = (
			);
			runOnlyForDeploymentPostprocessing = 0;
		};
		39D22CB72AFD48D900E23D74 /* Frameworks */ = {
			isa = PBXFrameworksBuildPhase;
			buildActionMask = 2147483647;
			files = (
			);
			runOnlyForDeploymentPostprocessing = 0;
		};
		39D22CC12AFD48D900E23D74 /* Frameworks */ = {
			isa = PBXFrameworksBuildPhase;
			buildActionMask = 2147483647;
			files = (
			);
			runOnlyForDeploymentPostprocessing = 0;
		};
/* End PBXFrameworksBuildPhase section */

/* Begin PBXGroup section */
		39D22C9B2AFD48D700E23D74 = {
			isa = PBXGroup;
			children = (
				39D22CA62AFD48D700E23D74 /* Search Bar TableView */,
				39D22CBD2AFD48D900E23D74 /* Search Bar TableViewTests */,
				39D22CC72AFD48D900E23D74 /* Search Bar TableViewUITests */,
				39D22CA52AFD48D700E23D74 /* Products */,
			);
			sourceTree = "<group>";
		};
		39D22CA52AFD48D700E23D74 /* Products */ = {
			isa = PBXGroup;
			children = (
				39D22CA42AFD48D700E23D74 /* Search Bar TableView.app */,
				39D22CBA2AFD48D900E23D74 /* Search Bar TableViewTests.xctest */,
				39D22CC42AFD48D900E23D74 /* Search Bar TableViewUITests.xctest */,
			);
			name = Products;
			sourceTree = "<group>";
		};
		39D22CA62AFD48D700E23D74 /* Search Bar TableView */ = {
			isa = PBXGroup;
			children = (
				39D22CA72AFD48D700E23D74 /* AppDelegate.swift */,
				39D22CA92AFD48D700E23D74 /* SceneDelegate.swift */,
				39D22CAB2AFD48D700E23D74 /* ViewController.swift */,
				39D22CAD2AFD48D700E23D74 /* Main.storyboard */,
				39D22CB02AFD48D900E23D74 /* Assets.xcassets */,
				39D22CB22AFD48D900E23D74 /* LaunchScreen.storyboard */,
				39D22CB52AFD48D900E23D74 /* Info.plist */,
			);
			path = "Search Bar TableView";
			sourceTree = "<group>";
		};
		39D22CBD2AFD48D900E23D74 /* Search Bar TableViewTests */ = {
			isa = PBXGroup;
			children = (
				39D22CBE2AFD48D900E23D74 /* Search_Bar_TableViewTests.swift */,
			);
			path = "Search Bar TableViewTests";
			sourceTree = "<group>";
		};
		39D22CC72AFD48D900E23D74 /* Search Bar TableViewUITests */ = {
			isa = PBXGroup;
			children = (
				39D22CC82AFD48D900E23D74 /* Search_Bar_TableViewUITests.swift */,
				39D22CCA2AFD48D900E23D74 /* Search_Bar_TableViewUITestsLaunchTests.swift */,
			);
			path = "Search Bar TableViewUITests";
			sourceTree = "<group>";
		};
/* End PBXGroup section */

/* Begin PBXNativeTarget section */
		39D22CA32AFD48D700E23D74 /* Search Bar TableView */ = {
			isa = PBXNativeTarget;
			buildConfigurationList = 39D22CCE2AFD48D900E23D74 /* Build configuration list for PBXNativeTarget "Search Bar TableView" */;
			buildPhases = (
				39D22CA02AFD48D700E23D74 /* Sources */,
				39D22CA12AFD48D700E23D74 /* Frameworks */,
				39D22CA22AFD48D700E23D74 /* Resources */,
			);
			buildRules = (
			);
			dependencies = (
			);
			name = "Search Bar TableView";
			productName = "Search Bar TableView";
			productReference = 39D22CA42AFD48D700E23D74 /* Search Bar TableView.app */;
			productType = "com.apple.product-type.application";
		};
		39D22CB92AFD48D900E23D74 /* Search Bar TableViewTests */ = {
			isa = PBXNativeTarget;
			buildConfigurationList = 39D22CD12AFD48D900E23D74 /* Build configuration list for PBXNativeTarget "Search Bar TableViewTests" */;
			buildPhases = (
				39D22CB62AFD48D900E23D74 /* Sources */,
				39D22CB72AFD48D900E23D74 /* Frameworks */,
				39D22CB82AFD48D900E23D74 /* Resources */,
			);
			buildRules = (
			);
			dependencies = (
				39D22CBC2AFD48D900E23D74 /* PBXTargetDependency */,
			);
			name = "Search Bar TableViewTests";
			productName = "Search Bar TableViewTests";
			productReference = 39D22CBA2AFD48D900E23D74 /* Search Bar TableViewTests.xctest */;
			productType = "com.apple.product-type.bundle.unit-test";
		};
		39D22CC32AFD48D900E23D74 /* Search Bar TableViewUITests */ = {
			isa = PBXNativeTarget;
			buildConfigurationList = 39D22CD42AFD48D900E23D74 /* Build configuration list for PBXNativeTarget "Search Bar TableViewUITests" */;
			buildPhases = (
				39D22CC02AFD48D900E23D74 /* Sources */,
				39D22CC12AFD48D900E23D74 /* Frameworks */,
				39D22CC22AFD48D900E23D74 /* Resources */,
			);
			buildRules = (
			);
			dependencies = (
				39D22CC62AFD48D900E23D74 /* PBXTargetDependency */,
			);
			name = "Search Bar TableViewUITests";
			productName = "Search Bar TableViewUITests";
			productReference = 39D22CC42AFD48D900E23D74 /* Search Bar TableViewUITests.xctest */;
			productType = "com.apple.product-type.bundle.ui-testing";
		};
/* End PBXNativeTarget section */

/* Begin PBXProject section */
		39D22C9C2AFD48D700E23D74 /* Project object */ = {
			isa = PBXProject;
			attributes = {
				BuildIndependentTargetsInParallel = 1;
				LastSwiftUpdateCheck = 1400;
				LastUpgradeCheck = 1400;
				TargetAttributes = {
					39D22CA32AFD48D700E23D74 = {
						CreatedOnToolsVersion = 14.0;
					};
					39D22CB92AFD48D900E23D74 = {
						CreatedOnToolsVersion = 14.0;
						TestTargetID = 39D22CA32AFD48D700E23D74;
					};
					39D22CC32AFD48D900E23D74 = {
						CreatedOnToolsVersion = 14.0;
						TestTargetID = 39D22CA32AFD48D700E23D74;
					};
				};
			};
			buildConfigurationList = 39D22C9F2AFD48D700E23D74 /* Build configuration list for PBXProject "Search Bar TableView" */;
			compatibilityVersion = "Xcode 14.0";
			developmentRegion = en;
			hasScannedForEncodings = 0;
			knownRegions = (
				en,
				Base,
			);
			mainGroup = 39D22C9B2AFD48D700E23D74;
			productRefGroup = 39D22CA52AFD48D700E23D74 /* Products */;
			projectDirPath = "";
			projectRoot = "";
			targets = (
				39D22CA32AFD48D700E23D74 /* Search Bar TableView */,
				39D22CB92AFD48D900E23D74 /* Search Bar TableViewTests */,
				39D22CC32AFD48D900E23D74 /* Search Bar TableViewUITests */,
			);
		};
/* End PBXProject section */

/* Begin PBXResourcesBuildPhase section */
		39D22CA22AFD48D700E23D74 /* Resources */ = {
			isa = PBXResourcesBuildPhase;
			buildActionMask = 2147483647;
			files = (
				39D22CB42AFD48D900E23D74 /* LaunchScreen.storyboard in Resources */,
				39D22CB12AFD48D900E23D74 /* Assets.xcassets in Resources */,
				39D22CAF2AFD48D700E23D74 /* Main.storyboard in Resources */,
			);
			runOnlyForDeploymentPostprocessing = 0;
		};
		39D22CB82AFD48D900E23D74 /* Resources */ = {
			isa = PBXResourcesBuildPhase;
			buildActionMask = 2147483647;
			files = (
			);
			runOnlyForDeploymentPostprocessing = 0;
		};
		39D22CC22AFD48D900E23D74 /* Resources */ = {
			isa = PBXResourcesBuildPhase;
			buildActionMask = 2147483647;
			files = (
			);
			runOnlyForDeploymentPostprocessing = 0;
		};
/* End PBXResourcesBuildPhase section */

/* Begin PBXSourcesBuildPhase section */
		39D22CA02AFD48D700E23D74 /* Sources */ = {
			isa = PBXSourcesBuildPhase;
			buildActionMask = 2147483647;
			files = (
				39D22CAC2AFD48D700E23D74 /* ViewController.swift in Sources */,
				39D22CA82AFD48D700E23D74 /* AppDelegate.swift in Sources */,
				39D22CAA2AFD48D700E23D74 /* SceneDelegate.swift in Sources */,
			);
			runOnlyForDeploymentPostprocessing = 0;
		};
		39D22CB62AFD48D900E23D74 /* Sources */ = {
			isa = PBXSourcesBuildPhase;
			buildActionMask = 2147483647;
			files = (
				39D22CBF2AFD48D900E23D74 /* Search_Bar_TableViewTests.swift in Sources */,
			);
			runOnlyForDeploymentPostprocessing = 0;
		};
		39D22CC02AFD48D900E23D74 /* Sources */ = {
			isa = PBXSourcesBuildPhase;
			buildActionMask = 2147483647;
			files = (
				39D22CCB2AFD48D900E23D74 /* Search_Bar_TableViewUITestsLaunchTests.swift in Sources */,
				39D22CC92AFD48D900E23D74 /* Search_Bar_TableViewUITests.swift in Sources */,
			);
			runOnlyForDeploymentPostprocessing = 0;
		};
/* End PBXSourcesBuildPhase section */

/* Begin PBXTargetDependency section */
		39D22CBC2AFD48D900E23D74 /* PBXTargetDependency */ = {
			isa = PBXTargetDependency;
			target = 39D22CA32AFD48D700E23D74 /* Search Bar TableView */;
			targetProxy = 39D22CBB2AFD48D900E23D74 /* PBXContainerItemProxy */;
		};
		39D22CC62AFD48D900E23D74 /* PBXTargetDependency */ = {
			isa = PBXTargetDependency;
			target = 39D22CA32AFD48D700E23D74 /* Search Bar TableView */;
			targetProxy = 39D22CC52AFD48D900E23D74 /* PBXContainerItemProxy */;
		};
/* End PBXTargetDependency section */

/* Begin PBXVariantGroup section */
		39D22CAD2AFD48D700E23D74 /* Main.storyboard */ = {
			isa = PBXVariantGroup;
			children = (
				39D22CAE2AFD48D700E23D74 /* Base */,
			);
			name = Main.storyboard;
			sourceTree = "<group>";
		};
		39D22CB22AFD48D900E23D74 /* LaunchScreen.storyboard */ = {
			isa = PBXVariantGroup;
			children = (
				39D22CB32AFD48D900E23D74 /* Base */,
			);
			name = LaunchScreen.storyboard;
			sourceTree = "<group>";
		};
/* End PBXVariantGroup section */

/* Begin XCBuildConfiguration section */
		39D22CCC2AFD48D900E23D74 /* Debug */ = {
			isa = XCBuildConfiguration;
			buildSettings = {
				ALWAYS_SEARCH_USER_PATHS = NO;
				CLANG_ANALYZER_NONNULL = YES;
				CLANG_ANALYZER_NUMBER_OBJECT_CONVERSION = YES_AGGRESSIVE;
				CLANG_CXX_LANGUAGE_STANDARD = "gnu++20";
				CLANG_ENABLE_MODULES = YES;
				CLANG_ENABLE_OBJC_ARC = YES;
				CLANG_ENABLE_OBJC_WEAK = YES;
				CLANG_WARN_BLOCK_CAPTURE_AUTORELEASING = YES;
				CLANG_WARN_BOOL_CONVERSION = YES;
				CLANG_WARN_COMMA = YES;
				CLANG_WARN_CONSTANT_CONVERSION = YES;
				CLANG_WARN_DEPRECATED_OBJC_IMPLEMENTATIONS = YES;
				CLANG_WARN_DIRECT_OBJC_ISA_USAGE = YES_ERROR;
				CLANG_WARN_DOCUMENTATION_COMMENTS = YES;
				CLANG_WARN_EMPTY_BODY = YES;
				CLANG_WARN_ENUM_CONVERSION = YES;
				CLANG_WARN_INFINITE_RECURSION = YES;
				CLANG_WARN_INT_CONVERSION = YES;
				CLANG_WARN_NON_LITERAL_NULL_CONVERSION = YES;
				CLANG_WARN_OBJC_IMPLICIT_RETAIN_SELF = YES;
				CLANG_WARN_OBJC_LITERAL_CONVERSION = YES;
				CLANG_WARN_OBJC_ROOT_CLASS = YES_ERROR;
				CLANG_WARN_QUOTED_INCLUDE_IN_FRAMEWORK_HEADER = YES;
				CLANG_WARN_RANGE_LOOP_ANALYSIS = YES;
				CLANG_WARN_STRICT_PROTOTYPES = YES;
				CLANG_WARN_SUSPICIOUS_MOVE = YES;
				CLANG_WARN_UNGUARDED_AVAILABILITY = YES_AGGRESSIVE;
				CLANG_WARN_UNREACHABLE_CODE = YES;
				CLANG_WARN__DUPLICATE_METHOD_MATCH = YES;
				COPY_PHASE_STRIP = NO;
				DEBUG_INFORMATION_FORMAT = dwarf;
				ENABLE_STRICT_OBJC_MSGSEND = YES;
				ENABLE_TESTABILITY = YES;
				GCC_C_LANGUAGE_STANDARD = gnu11;
				GCC_DYNAMIC_NO_PIC = NO;
				GCC_NO_COMMON_BLOCKS = YES;
				GCC_OPTIMIZATION_LEVEL = 0;
				GCC_PREPROCESSOR_DEFINITIONS = (
					"DEBUG=1",
					"$(inherited)",
				);
				GCC_WARN_64_TO_32_BIT_CONVERSION = YES;
				GCC_WARN_ABOUT_RETURN_TYPE = YES_ERROR;
				GCC_WARN_UNDECLARED_SELECTOR = YES;
				GCC_WARN_UNINITIALIZED_AUTOS = YES_AGGRESSIVE;
				GCC_WARN_UNUSED_FUNCTION = YES;
				GCC_WARN_UNUSED_VARIABLE = YES;
				IPHONEOS_DEPLOYMENT_TARGET = 16.0;
				MTL_ENABLE_DEBUG_INFO = INCLUDE_SOURCE;
				MTL_FAST_MATH = YES;
				ONLY_ACTIVE_ARCH = YES;
				SDKROOT = iphoneos;
				SWIFT_ACTIVE_COMPILATION_CONDITIONS = DEBUG;
				SWIFT_OPTIMIZATION_LEVEL = "-Onone";
			};
			name = Debug;
		};
		39D22CCD2AFD48D900E23D74 /* Release */ = {
			isa = XCBuildConfiguration;
			buildSettings = {
				ALWAYS_SEARCH_USER_PATHS = NO;
				CLANG_ANALYZER_NONNULL = YES;
				CLANG_ANALYZER_NUMBER_OBJECT_CONVERSION = YES_AGGRESSIVE;
				CLANG_CXX_LANGUAGE_STANDARD = "gnu++20";
				CLANG_ENABLE_MODULES = YES;
				CLANG_ENABLE_OBJC_ARC = YES;
				CLANG_ENABLE_OBJC_WEAK = YES;
				CLANG_WARN_BLOCK_CAPTURE_AUTORELEASING = YES;
				CLANG_WARN_BOOL_CONVERSION = YES;
				CLANG_WARN_COMMA = YES;
				CLANG_WARN_CONSTANT_CONVERSION = YES;
				CLANG_WARN_DEPRECATED_OBJC_IMPLEMENTATIONS = YES;
				CLANG_WARN_DIRECT_OBJC_ISA_USAGE = YES_ERROR;
				CLANG_WARN_DOCUMENTATION_COMMENTS = YES;
				CLANG_WARN_EMPTY_BODY = YES;
				CLANG_WARN_ENUM_CONVERSION = YES;
				CLANG_WARN_INFINITE_RECURSION = YES;
				CLANG_WARN_INT_CONVERSION = YES;
				CLANG_WARN_NON_LITERAL_NULL_CONVERSION = YES;
				CLANG_WARN_OBJC_IMPLICIT_RETAIN_SELF = YES;
				CLANG_WARN_OBJC_LITERAL_CONVERSION = YES;
				CLANG_WARN_OBJC_ROOT_CLASS = YES_ERROR;
				CLANG_WARN_QUOTED_INCLUDE_IN_FRAMEWORK_HEADER = YES;
				CLANG_WARN_RANGE_LOOP_ANALYSIS = YES;
				CLANG_WARN_STRICT_PROTOTYPES = YES;
				CLANG_WARN_SUSPICIOUS_MOVE = YES;
				CLANG_WARN_UNGUARDED_AVAILABILITY = YES_AGGRESSIVE;
				CLANG_WARN_UNREACHABLE_CODE = YES;
				CLANG_WARN__DUPLICATE_METHOD_MATCH = YES;
				COPY_PHASE_STRIP = NO;
				DEBUG_INFORMATION_FORMAT = "dwarf-with-dsym";
				ENABLE_NS_ASSERTIONS = NO;
				ENABLE_STRICT_OBJC_MSGSEND = YES;
				GCC_C_LANGUAGE_STANDARD = gnu11;
				GCC_NO_COMMON_BLOCKS = YES;
				GCC_WARN_64_TO_32_BIT_CONVERSION = YES;
				GCC_WARN_ABOUT_RETURN_TYPE = YES_ERROR;
				GCC_WARN_UNDECLARED_SELECTOR = YES;
				GCC_WARN_UNINITIALIZED_AUTOS = YES_AGGRESSIVE;
				GCC_WARN_UNUSED_FUNCTION = YES;
				GCC_WARN_UNUSED_VARIABLE = YES;
				IPHONEOS_DEPLOYMENT_TARGET = 16.0;
				MTL_ENABLE_DEBUG_INFO = NO;
				MTL_FAST_MATH = YES;
				SDKROOT = iphoneos;
				SWIFT_COMPILATION_MODE = wholemodule;
				SWIFT_OPTIMIZATION_LEVEL = "-O";
				VALIDATE_PRODUCT = YES;
			};
			name = Release;
		};
		39D22CCF2AFD48D900E23D74 /* Debug */ = {
			isa = XCBuildConfiguration;
			buildSettings = {
				ASSETCATALOG_COMPILER_APPICON_NAME = AppIcon;
				ASSETCATALOG_COMPILER_GLOBAL_ACCENT_COLOR_NAME = AccentColor;
				CODE_SIGN_STYLE = Automatic;
				CURRENT_PROJECT_VERSION = 1;
				DEVELOPMENT_TEAM = PN7U7592HC;
				GENERATE_INFOPLIST_FILE = YES;
				INFOPLIST_FILE = "Search Bar TableView/Info.plist";
				INFOPLIST_KEY_UIApplicationSupportsIndirectInputEvents = YES;
				INFOPLIST_KEY_UILaunchStoryboardName = LaunchScreen;
				INFOPLIST_KEY_UIMainStoryboardFile = Main;
				INFOPLIST_KEY_UISupportedInterfaceOrientations_iPad = "UIInterfaceOrientationPortrait UIInterfaceOrientationPortraitUpsideDown UIInterfaceOrientationLandscapeLeft UIInterfaceOrientationLandscapeRight";
				INFOPLIST_KEY_UISupportedInterfaceOrientations_iPhone = "UIInterfaceOrientationPortrait UIInterfaceOrientationLandscapeLeft UIInterfaceOrientationLandscapeRight";
				LD_RUNPATH_SEARCH_PATHS = (
					"$(inherited)",
					"@executable_path/Frameworks",
				);
				MARKETING_VERSION = 1.0;
				PRODUCT_BUNDLE_IDENTIFIER = "info.Search-Bar-TableView";
				PRODUCT_NAME = "$(TARGET_NAME)";
				SWIFT_EMIT_LOC_STRINGS = YES;
				SWIFT_VERSION = 5.0;
				TARGETED_DEVICE_FAMILY = "1,2";
			};
			name = Debug;
		};
		39D22CD02AFD48D900E23D74 /* Release */ = {
			isa = XCBuildConfiguration;
			buildSettings = {
				ASSETCATALOG_COMPILER_APPICON_NAME = AppIcon;
				ASSETCATALOG_COMPILER_GLOBAL_ACCENT_COLOR_NAME = AccentColor;
				CODE_SIGN_STYLE = Automatic;
				CURRENT_PROJECT_VERSION = 1;
				DEVELOPMENT_TEAM = PN7U7592HC;
				GENERATE_INFOPLIST_FILE = YES;
				INFOPLIST_FILE = "Search Bar TableView/Info.plist";
				INFOPLIST_KEY_UIApplicationSupportsIndirectInputEvents = YES;
				INFOPLIST_KEY_UILaunchStoryboardName = LaunchScreen;
				INFOPLIST_KEY_UIMainStoryboardFile = Main;
				INFOPLIST_KEY_UISupportedInterfaceOrientations_iPad = "UIInterfaceOrientationPortrait UIInterfaceOrientationPortraitUpsideDown UIInterfaceOrientationLandscapeLeft UIInterfaceOrientationLandscapeRight";
				INFOPLIST_KEY_UISupportedInterfaceOrientations_iPhone = "UIInterfaceOrientationPortrait UIInterfaceOrientationLandscapeLeft UIInterfaceOrientationLandscapeRight";
				LD_RUNPATH_SEARCH_PATHS = (
					"$(inherited)",
					"@executable_path/Frameworks",
				);
				MARKETING_VERSION = 1.0;
				PRODUCT_BUNDLE_IDENTIFIER = "info.Search-Bar-TableView";
				PRODUCT_NAME = "$(TARGET_NAME)";
				SWIFT_EMIT_LOC_STRINGS = YES;
				SWIFT_VERSION = 5.0;
				TARGETED_DEVICE_FAMILY = "1,2";
			};
			name = Release;
		};
		39D22CD22AFD48D900E23D74 /* Debug */ = {
			isa = XCBuildConfiguration;
			buildSettings = {
				ALWAYS_EMBED_SWIFT_STANDARD_LIBRARIES = YES;
				BUNDLE_LOADER = "$(TEST_HOST)";
				CODE_SIGN_STYLE = Automatic;
				CURRENT_PROJECT_VERSION = 1;
				DEVELOPMENT_TEAM = PN7U7592HC;
				GENERATE_INFOPLIST_FILE = YES;
				IPHONEOS_DEPLOYMENT_TARGET = 16.0;
				MARKETING_VERSION = 1.0;
				PRODUCT_BUNDLE_IDENTIFIER = "info.Search-Bar-TableViewTests";
				PRODUCT_NAME = "$(TARGET_NAME)";
				SWIFT_EMIT_LOC_STRINGS = NO;
				SWIFT_VERSION = 5.0;
				TARGETED_DEVICE_FAMILY = "1,2";
				TEST_HOST = "$(BUILT_PRODUCTS_DIR)/Search Bar TableView.app/$(BUNDLE_EXECUTABLE_FOLDER_PATH)/Search Bar TableView";
			};
			name = Debug;
		};
		39D22CD32AFD48D900E23D74 /* Release */ = {
			isa = XCBuildConfiguration;
			buildSettings = {
				ALWAYS_EMBED_SWIFT_STANDARD_LIBRARIES = YES;
				BUNDLE_LOADER = "$(TEST_HOST)";
				CODE_SIGN_STYLE = Automatic;
				CURRENT_PROJECT_VERSION = 1;
				DEVELOPMENT_TEAM = PN7U7592HC;
				GENERATE_INFOPLIST_FILE = YES;
				IPHONEOS_DEPLOYMENT_TARGET = 16.0;
				MARKETING_VERSION = 1.0;
				PRODUCT_BUNDLE_IDENTIFIER = "info.Search-Bar-TableViewTests";
				PRODUCT_NAME = "$(TARGET_NAME)";
				SWIFT_EMIT_LOC_STRINGS = NO;
				SWIFT_VERSION = 5.0;
				TARGETED_DEVICE_FAMILY = "1,2";
				TEST_HOST = "$(BUILT_PRODUCTS_DIR)/Search Bar TableView.app/$(BUNDLE_EXECUTABLE_FOLDER_PATH)/Search Bar TableView";
			};
			name = Release;
		};
		39D22CD52AFD48D900E23D74 /* Debug */ = {
			isa = XCBuildConfiguration;
			buildSettings = {
				ALWAYS_EMBED_SWIFT_STANDARD_LIBRARIES = YES;
				CODE_SIGN_STYLE = Automatic;
				CURRENT_PROJECT_VERSION = 1;
				DEVELOPMENT_TEAM = PN7U7592HC;
				GENERATE_INFOPLIST_FILE = YES;
				MARKETING_VERSION = 1.0;
				PRODUCT_BUNDLE_IDENTIFIER = "info.Search-Bar-TableViewUITests";
				PRODUCT_NAME = "$(TARGET_NAME)";
				SWIFT_EMIT_LOC_STRINGS = NO;
				SWIFT_VERSION = 5.0;
				TARGETED_DEVICE_FAMILY = "1,2";
				TEST_TARGET_NAME = "Search Bar TableView";
			};
			name = Debug;
		};
		39D22CD62AFD48D900E23D74 /* Release */ = {
			isa = XCBuildConfiguration;
			buildSettings = {
				ALWAYS_EMBED_SWIFT_STANDARD_LIBRARIES = YES;
				CODE_SIGN_STYLE = Automatic;
				CURRENT_PROJECT_VERSION = 1;
				DEVELOPMENT_TEAM = PN7U7592HC;
				GENERATE_INFOPLIST_FILE = YES;
				MARKETING_VERSION = 1.0;
				PRODUCT_BUNDLE_IDENTIFIER = "info.Search-Bar-TableViewUITests";
				PRODUCT_NAME = "$(TARGET_NAME)";
				SWIFT_EMIT_LOC_STRINGS = NO;
				SWIFT_VERSION = 5.0;
				TARGETED_DEVICE_FAMILY = "1,2";
				TEST_TARGET_NAME = "Search Bar TableView";
			};
			name = Release;
		};
/* End XCBuildConfiguration section */

/* Begin XCConfigurationList section */
		39D22C9F2AFD48D700E23D74 /* Build configuration list for PBXProject "Search Bar TableView" */ = {
			isa = XCConfigurationList;
			buildConfigurations = (
				39D22CCC2AFD48D900E23D74 /* Debug */,
				39D22CCD2AFD48D900E23D74 /* Release */,
			);
			defaultConfigurationIsVisible = 0;
			defaultConfigurationName = Release;
		};
		39D22CCE2AFD48D900E23D74 /* Build configuration list for PBXNativeTarget "Search Bar TableView" */ = {
			isa = XCConfigurationList;
			buildConfigurations = (
				39D22CCF2AFD48D900E23D74 /* Debug */,
				39D22CD02AFD48D900E23D74 /* Release */,
			);
			defaultConfigurationIsVisible = 0;
			defaultConfigurationName = Release;
		};
		39D22CD12AFD48D900E23D74 /* Build configuration list for PBXNativeTarget "Search Bar TableViewTests" */ = {
			isa = XCConfigurationList;
			buildConfigurations = (
				39D22CD22AFD48D900E23D74 /* Debug */,
				39D22CD32AFD48D900E23D74 /* Release */,
			);
			defaultConfigurationIsVisible = 0;
			defaultConfigurationName = Release;
		};
		39D22CD42AFD48D900E23D74 /* Build configuration list for PBXNativeTarget "Search Bar TableViewUITests" */ = {
			isa = XCConfigurationList;
			buildConfigurations = (
				39D22CD52AFD48D900E23D74 /* Debug */,
				39D22CD62AFD48D900E23D74 /* Release */,
			);
			defaultConfigurationIsVisible = 0;
			defaultConfigurationName = Release;
		};
/* End XCConfigurationList section */
	};
	rootObject = 39D22C9C2AFD48D700E23D74 /* Project object */;
}
